<?xml version="1.0" encoding="utf-8"?>
<Project ToolsVersion="17.0" xmlns="http://schemas.microsoft.com/developer/msbuild/2003">
  <ItemGroup>
    <ClCompile Include="D:\sgkim\Dev_OpenSource\live555-master-melchi45\live555-master\testProgs\testMP3Streamer.cpp">
      <Filter>Source Files</Filter>
    </ClCompile>
  </ItemGroup>
  <ItemGroup>
    <CustomBuild Include="D:\sgkim\Dev_OpenSource\live555-master-melchi45\live555-master\testProgs\CMakeLists.txt" />
  </ItemGroup>
  <ItemGroup>
    <Filter Include="Source Files">
      <UniqueIdentifier>{E512DCD8-9FDE-3B92-A348-AE6DFD20458B}</UniqueIdentifier>
    </Filter>
  </ItemGroup>
</Project>
