<?xml version="1.0" encoding="utf-8"?>
<Project ToolsVersion="17.0" xmlns="http://schemas.microsoft.com/developer/msbuild/2003">
  <ItemGroup>
    <ClCompile Include="..\..\testProgs\testH265VideoStreamer.cpp" />
  </ItemGroup>
  <ItemGroup>
    <CustomBuild Include="\testProgs\CMakeLists.txt" />
  </ItemGroup>
  <ItemGroup>
    <Object Include="\cmake\testProgs\announceURL.dir\$(Configuration)\announceURL.obj" />
  </ItemGroup>
  <ItemGroup>
    <Filter Include="Object Libraries">
      <UniqueIdentifier>{2BFB5055-0606-3FD7-B18A-3DF10844104D}</UniqueIdentifier>
    </Filter>
    <Filter Include="Source Files">
      <UniqueIdentifier>{E512DCD8-9FDE-3B92-A348-AE6DFD20458B}</UniqueIdentifier>
    </Filter>
  </ItemGroup>
</Project>