<?xml version="1.0" encoding="utf-8"?>
<Project ToolsVersion="17.0" xmlns="http://schemas.microsoft.com/developer/msbuild/2003">
  <ItemGroup>
    <CustomBuild Include="D:\sgkim\Dev_OpenSource\live555-master-melchi45\live555-master\cmake\CMakeFiles\c727ebdc51cbe3bb9ff3648066f3340a\INSTALL_force.rule">
      <Filter>CMake Rules</Filter>
    </CustomBuild>
  </ItemGroup>
  <ItemGroup>
    <Filter Include="CMake Rules">
      <UniqueIdentifier>{94F377FC-55D9-3745-A6AF-2BBACB39F89B}</UniqueIdentifier>
    </Filter>
  </ItemGroup>
</Project>
