
Microsoft Visual Studio Solution File, Format Version 12.00
# Visual Studio Version 17
Project("{2150E333-8FDC-42A3-9474-1A3956D46DE8}") = "CMakePredefinedTargets", "CMakePredefinedTargets", "{58A6342C-3C02-3467-B409-E7D1B7347E2B}"
EndProject
Project("{2150E333-8FDC-42A3-9474-1A3956D46DE8}") = "live555", "live555", "{0C087C8A-DAC2-35EF-A557-B2F170D03B9E}"
EndProject
Project("{2150E333-8FDC-42A3-9474-1A3956D46DE8}") = "Servers", "live555\Servers", "{CD5C504E-F9DB-3F06-80C4-D95001CFCD11}"
EndProject
Project("{2150E333-8FDC-42A3-9474-1A3956D46DE8}") = "lib", "live555\lib", "{BAB0649A-7EF8-381F-BE34-1E1C3E877EE7}"
EndProject
Project("{2150E333-8FDC-42A3-9474-1A3956D46DE8}") = "testProgs", "live555\testProgs", "{15B6D8E8-3F85-344C-86EF-2E13A23C12ED}"
EndProject
Project("{8BC9CEB8-8B4A-11D0-8D11-00A0C91BC942}") = "ALL_BUILD", "ALL_BUILD.vcxproj", "{336F9F56-5FFA-363A-970C-A1A7165EB233}"
	ProjectSection(ProjectDependencies) = postProject
		{46858923-A1DA-3F63-BE0B-83D57EA8ACA2} = {46858923-A1DA-3F63-BE0B-83D57EA8ACA2}
		{BD201DC7-933F-329D-882D-2412597625ED} = {BD201DC7-933F-329D-882D-2412597625ED}
		{6A04D6A2-BA19-3EC1-87BA-E9CFAFBBC977} = {6A04D6A2-BA19-3EC1-87BA-E9CFAFBBC977}
		{8020F01D-8185-3A90-8B4F-8EDABEAF7DB0} = {8020F01D-8185-3A90-8B4F-8EDABEAF7DB0}
		{6D9EC4A6-8871-33BC-9E84-71FAFAA9C5D8} = {6D9EC4A6-8871-33BC-9E84-71FAFAA9C5D8}
		{BE665866-8AB7-3A52-B946-3279DE13D42D} = {BE665866-8AB7-3A52-B946-3279DE13D42D}
		{BFF90A2A-78C3-324F-BEB8-1AFA330B8C9E} = {BFF90A2A-78C3-324F-BEB8-1AFA330B8C9E}
		{5610F66A-EB75-37FD-94E7-69A08AF9F96D} = {5610F66A-EB75-37FD-94E7-69A08AF9F96D}
		{FC536409-19A9-3C9F-B7E1-6DFB82F9161B} = {FC536409-19A9-3C9F-B7E1-6DFB82F9161B}
		{3210752F-5F48-3D7E-BB68-B4629E79E0B6} = {3210752F-5F48-3D7E-BB68-B4629E79E0B6}
		{7843210A-1CD0-33B6-B4A8-60D268404A12} = {7843210A-1CD0-33B6-B4A8-60D268404A12}
		{B500FB0C-6553-344F-A9C3-C65AD703C5C1} = {B500FB0C-6553-344F-A9C3-C65AD703C5C1}
		{8821A7C1-DE05-3789-BD21-9D76F04C660C} = {8821A7C1-DE05-3789-BD21-9D76F04C660C}
		{0E782CB1-1B6C-3F2B-93E8-B761161EB1D5} = {0E782CB1-1B6C-3F2B-93E8-B761161EB1D5}
		{285EABB1-F481-3895-9522-72D919072161} = {285EABB1-F481-3895-9522-72D919072161}
		{038A8384-3B74-389E-AA80-2B7DBF45A245} = {038A8384-3B74-389E-AA80-2B7DBF45A245}
		{3BA92FC0-D89D-3FB2-BF9B-65B41639A1FF} = {3BA92FC0-D89D-3FB2-BF9B-65B41639A1FF}
		{0C5D3DCE-4232-3366-937C-2404F7A5567B} = {0C5D3DCE-4232-3366-937C-2404F7A5567B}
		{7F0D3F75-0616-3902-B02E-CA2FB3AC4AB0} = {7F0D3F75-0616-3902-B02E-CA2FB3AC4AB0}
		{BD894CEC-8BC7-39C9-9C12-B8132C79ED4C} = {BD894CEC-8BC7-39C9-9C12-B8132C79ED4C}
		{5E549761-FE83-3497-8FAA-EA3507BCEE30} = {5E549761-FE83-3497-8FAA-EA3507BCEE30}
		{FC9DBDC6-B523-3785-A023-CF5FD15F20A8} = {FC9DBDC6-B523-3785-A023-CF5FD15F20A8}
		{039A5687-2C46-3814-9CB3-CBEC54FB59C6} = {039A5687-2C46-3814-9CB3-CBEC54FB59C6}
		{3DE872CA-0615-3365-B03A-121F2066791D} = {3DE872CA-0615-3365-B03A-121F2066791D}
		{C79BFDB3-08CB-33CA-8F4B-5915EEE57775} = {C79BFDB3-08CB-33CA-8F4B-5915EEE57775}
		{DDBB897A-0D23-3124-9AFB-5077B85598AB} = {DDBB897A-0D23-3124-9AFB-5077B85598AB}
		{F904D520-0FAA-3E6A-AF45-49F4884843F5} = {F904D520-0FAA-3E6A-AF45-49F4884843F5}
		{7EC9625B-EFA9-3C71-9D99-F2A0049869CF} = {7EC9625B-EFA9-3C71-9D99-F2A0049869CF}
		{52C42B46-449B-327F-B4AF-3782C031B5C5} = {52C42B46-449B-327F-B4AF-3782C031B5C5}
		{2F5275F7-F081-355A-9BD3-A9C5E7DBCF17} = {2F5275F7-F081-355A-9BD3-A9C5E7DBCF17}
		{5C877059-F5EF-390D-8BAE-1D079B6B780A} = {5C877059-F5EF-390D-8BAE-1D079B6B780A}
		{99D581F4-FD54-3E2A-8E9A-76B39A83DBB6} = {99D581F4-FD54-3E2A-8E9A-76B39A83DBB6}
		{54648A63-290E-399B-AFDE-0E8D46A270DC} = {54648A63-290E-399B-AFDE-0E8D46A270DC}
		{5084ABFA-6DB4-3888-A64E-2A0266C7F7B0} = {5084ABFA-6DB4-3888-A64E-2A0266C7F7B0}
		{F4444477-7CC2-3275-868F-011886F76A0B} = {F4444477-7CC2-3275-868F-011886F76A0B}
		{A2402B64-EA21-3CBB-9627-15E9138EE9D0} = {A2402B64-EA21-3CBB-9627-15E9138EE9D0}
		{D55D8241-5621-302E-BAB1-CF1A67A4D520} = {D55D8241-5621-302E-BAB1-CF1A67A4D520}
		{B6F91E9A-23B7-3DCA-A137-2CA9E673BC97} = {B6F91E9A-23B7-3DCA-A137-2CA9E673BC97}
		{6672504F-70E9-3927-B509-0FB62B34FF60} = {6672504F-70E9-3927-B509-0FB62B34FF60}
		{B5A63BA9-0615-30A8-B963-2752C1FE6333} = {B5A63BA9-0615-30A8-B963-2752C1FE6333}
		{21CE2BE9-670F-3E2D-A29D-C0CB12017DFF} = {21CE2BE9-670F-3E2D-A29D-C0CB12017DFF}
		{E44F388A-3B6B-3421-A636-FDEA92CA8CBD} = {E44F388A-3B6B-3421-A636-FDEA92CA8CBD}
		{86925986-0EAA-3D24-971C-2D97ABDD99B7} = {86925986-0EAA-3D24-971C-2D97ABDD99B7}
		{2A263746-32CC-3AB8-8C7B-ED9960E8C259} = {2A263746-32CC-3AB8-8C7B-ED9960E8C259}
	EndProjectSection
EndProject
Project("{8BC9CEB8-8B4A-11D0-8D11-00A0C91BC942}") = "BasicUsageEnvironment", "BasicUsageEnvironment\BasicUsageEnvironment.vcxproj", "{46858923-A1DA-3F63-BE0B-83D57EA8ACA2}"
	ProjectSection(ProjectDependencies) = postProject
		{8020F01D-8185-3A90-8B4F-8EDABEAF7DB0} = {8020F01D-8185-3A90-8B4F-8EDABEAF7DB0}
		{6D9EC4A6-8871-33BC-9E84-71FAFAA9C5D8} = {6D9EC4A6-8871-33BC-9E84-71FAFAA9C5D8}
	EndProjectSection
EndProject
Project("{8BC9CEB8-8B4A-11D0-8D11-00A0C91BC942}") = "EpollTaskScheduler", "EpollTaskScheduler\EpollTaskScheduler.vcxproj", "{BD201DC7-933F-329D-882D-2412597625ED}"
	ProjectSection(ProjectDependencies) = postProject
		{46858923-A1DA-3F63-BE0B-83D57EA8ACA2} = {46858923-A1DA-3F63-BE0B-83D57EA8ACA2}
		{8020F01D-8185-3A90-8B4F-8EDABEAF7DB0} = {8020F01D-8185-3A90-8B4F-8EDABEAF7DB0}
		{6D9EC4A6-8871-33BC-9E84-71FAFAA9C5D8} = {6D9EC4A6-8871-33BC-9E84-71FAFAA9C5D8}
	EndProjectSection
EndProject
Project("{8BC9CEB8-8B4A-11D0-8D11-00A0C91BC942}") = "INSTALL", "INSTALL.vcxproj", "{68F69027-AB6C-3DCF-95ED-5903DEEA2974}"
	ProjectSection(ProjectDependencies) = postProject
		{336F9F56-5FFA-363A-970C-A1A7165EB233} = {336F9F56-5FFA-363A-970C-A1A7165EB233}
		{6D9EC4A6-8871-33BC-9E84-71FAFAA9C5D8} = {6D9EC4A6-8871-33BC-9E84-71FAFAA9C5D8}
	EndProjectSection
EndProject
Project("{8BC9CEB8-8B4A-11D0-8D11-00A0C91BC942}") = "MPEG2TransportStreamIndexer", "testProgs\MPEG2TransportStreamIndexer.vcxproj", "{6A04D6A2-BA19-3EC1-87BA-E9CFAFBBC977}"
	ProjectSection(ProjectDependencies) = postProject
		{46858923-A1DA-3F63-BE0B-83D57EA8ACA2} = {46858923-A1DA-3F63-BE0B-83D57EA8ACA2}
		{BD201DC7-933F-329D-882D-2412597625ED} = {BD201DC7-933F-329D-882D-2412597625ED}
		{8020F01D-8185-3A90-8B4F-8EDABEAF7DB0} = {8020F01D-8185-3A90-8B4F-8EDABEAF7DB0}
		{6D9EC4A6-8871-33BC-9E84-71FAFAA9C5D8} = {6D9EC4A6-8871-33BC-9E84-71FAFAA9C5D8}
		{BFF90A2A-78C3-324F-BEB8-1AFA330B8C9E} = {BFF90A2A-78C3-324F-BEB8-1AFA330B8C9E}
		{7843210A-1CD0-33B6-B4A8-60D268404A12} = {7843210A-1CD0-33B6-B4A8-60D268404A12}
	EndProjectSection
EndProject
Project("{8BC9CEB8-8B4A-11D0-8D11-00A0C91BC942}") = "UsageEnvironment", "UsageEnvironment\UsageEnvironment.vcxproj", "{8020F01D-8185-3A90-8B4F-8EDABEAF7DB0}"
	ProjectSection(ProjectDependencies) = postProject
		{6D9EC4A6-8871-33BC-9E84-71FAFAA9C5D8} = {6D9EC4A6-8871-33BC-9E84-71FAFAA9C5D8}
	EndProjectSection
EndProject
Project("{8BC9CEB8-8B4A-11D0-8D11-00A0C91BC942}") = "ZERO_CHECK", "ZERO_CHECK.vcxproj", "{6D9EC4A6-8871-33BC-9E84-71FAFAA9C5D8}"
	ProjectSection(ProjectDependencies) = postProject
	EndProjectSection
EndProject
Project("{8BC9CEB8-8B4A-11D0-8D11-00A0C91BC942}") = "announceURL", "testProgs\announceURL.vcxproj", "{BE665866-8AB7-3A52-B946-3279DE13D42D}"
	ProjectSection(ProjectDependencies) = postProject
		{46858923-A1DA-3F63-BE0B-83D57EA8ACA2} = {46858923-A1DA-3F63-BE0B-83D57EA8ACA2}
		{BD201DC7-933F-329D-882D-2412597625ED} = {BD201DC7-933F-329D-882D-2412597625ED}
		{8020F01D-8185-3A90-8B4F-8EDABEAF7DB0} = {8020F01D-8185-3A90-8B4F-8EDABEAF7DB0}
		{6D9EC4A6-8871-33BC-9E84-71FAFAA9C5D8} = {6D9EC4A6-8871-33BC-9E84-71FAFAA9C5D8}
		{BFF90A2A-78C3-324F-BEB8-1AFA330B8C9E} = {BFF90A2A-78C3-324F-BEB8-1AFA330B8C9E}
		{7843210A-1CD0-33B6-B4A8-60D268404A12} = {7843210A-1CD0-33B6-B4A8-60D268404A12}
	EndProjectSection
EndProject
Project("{8BC9CEB8-8B4A-11D0-8D11-00A0C91BC942}") = "groupsock", "groupsock\groupsock.vcxproj", "{BFF90A2A-78C3-324F-BEB8-1AFA330B8C9E}"
	ProjectSection(ProjectDependencies) = postProject
		{8020F01D-8185-3A90-8B4F-8EDABEAF7DB0} = {8020F01D-8185-3A90-8B4F-8EDABEAF7DB0}
		{6D9EC4A6-8871-33BC-9E84-71FAFAA9C5D8} = {6D9EC4A6-8871-33BC-9E84-71FAFAA9C5D8}
	EndProjectSection
EndProject
Project("{8BC9CEB8-8B4A-11D0-8D11-00A0C91BC942}") = "live555HLSProxy", "hlsProxy\live555HLSProxy.vcxproj", "{5610F66A-EB75-37FD-94E7-69A08AF9F96D}"
	ProjectSection(ProjectDependencies) = postProject
		{46858923-A1DA-3F63-BE0B-83D57EA8ACA2} = {46858923-A1DA-3F63-BE0B-83D57EA8ACA2}
		{BD201DC7-933F-329D-882D-2412597625ED} = {BD201DC7-933F-329D-882D-2412597625ED}
		{8020F01D-8185-3A90-8B4F-8EDABEAF7DB0} = {8020F01D-8185-3A90-8B4F-8EDABEAF7DB0}
		{6D9EC4A6-8871-33BC-9E84-71FAFAA9C5D8} = {6D9EC4A6-8871-33BC-9E84-71FAFAA9C5D8}
		{BFF90A2A-78C3-324F-BEB8-1AFA330B8C9E} = {BFF90A2A-78C3-324F-BEB8-1AFA330B8C9E}
		{7843210A-1CD0-33B6-B4A8-60D268404A12} = {7843210A-1CD0-33B6-B4A8-60D268404A12}
	EndProjectSection
EndProject
Project("{8BC9CEB8-8B4A-11D0-8D11-00A0C91BC942}") = "live555MediaServer", "mediaServer\live555MediaServer.vcxproj", "{FC536409-19A9-3C9F-B7E1-6DFB82F9161B}"
	ProjectSection(ProjectDependencies) = postProject
		{46858923-A1DA-3F63-BE0B-83D57EA8ACA2} = {46858923-A1DA-3F63-BE0B-83D57EA8ACA2}
		{BD201DC7-933F-329D-882D-2412597625ED} = {BD201DC7-933F-329D-882D-2412597625ED}
		{8020F01D-8185-3A90-8B4F-8EDABEAF7DB0} = {8020F01D-8185-3A90-8B4F-8EDABEAF7DB0}
		{6D9EC4A6-8871-33BC-9E84-71FAFAA9C5D8} = {6D9EC4A6-8871-33BC-9E84-71FAFAA9C5D8}
		{BFF90A2A-78C3-324F-BEB8-1AFA330B8C9E} = {BFF90A2A-78C3-324F-BEB8-1AFA330B8C9E}
		{7843210A-1CD0-33B6-B4A8-60D268404A12} = {7843210A-1CD0-33B6-B4A8-60D268404A12}
	EndProjectSection
EndProject
Project("{8BC9CEB8-8B4A-11D0-8D11-00A0C91BC942}") = "live555ProxyServer", "proxyServer\live555ProxyServer.vcxproj", "{3210752F-5F48-3D7E-BB68-B4629E79E0B6}"
	ProjectSection(ProjectDependencies) = postProject
		{46858923-A1DA-3F63-BE0B-83D57EA8ACA2} = {46858923-A1DA-3F63-BE0B-83D57EA8ACA2}
		{BD201DC7-933F-329D-882D-2412597625ED} = {BD201DC7-933F-329D-882D-2412597625ED}
		{8020F01D-8185-3A90-8B4F-8EDABEAF7DB0} = {8020F01D-8185-3A90-8B4F-8EDABEAF7DB0}
		{6D9EC4A6-8871-33BC-9E84-71FAFAA9C5D8} = {6D9EC4A6-8871-33BC-9E84-71FAFAA9C5D8}
		{BFF90A2A-78C3-324F-BEB8-1AFA330B8C9E} = {BFF90A2A-78C3-324F-BEB8-1AFA330B8C9E}
		{7843210A-1CD0-33B6-B4A8-60D268404A12} = {7843210A-1CD0-33B6-B4A8-60D268404A12}
	EndProjectSection
EndProject
Project("{8BC9CEB8-8B4A-11D0-8D11-00A0C91BC942}") = "liveMedia", "liveMedia\liveMedia.vcxproj", "{7843210A-1CD0-33B6-B4A8-60D268404A12}"
	ProjectSection(ProjectDependencies) = postProject
		{8020F01D-8185-3A90-8B4F-8EDABEAF7DB0} = {8020F01D-8185-3A90-8B4F-8EDABEAF7DB0}
		{6D9EC4A6-8871-33BC-9E84-71FAFAA9C5D8} = {6D9EC4A6-8871-33BC-9E84-71FAFAA9C5D8}
		{BFF90A2A-78C3-324F-BEB8-1AFA330B8C9E} = {BFF90A2A-78C3-324F-BEB8-1AFA330B8C9E}
	EndProjectSection
EndProject
Project("{8BC9CEB8-8B4A-11D0-8D11-00A0C91BC942}") = "mikeyParse", "testProgs\mikeyParse.vcxproj", "{B500FB0C-6553-344F-A9C3-C65AD703C5C1}"
	ProjectSection(ProjectDependencies) = postProject
		{46858923-A1DA-3F63-BE0B-83D57EA8ACA2} = {46858923-A1DA-3F63-BE0B-83D57EA8ACA2}
		{BD201DC7-933F-329D-882D-2412597625ED} = {BD201DC7-933F-329D-882D-2412597625ED}
		{8020F01D-8185-3A90-8B4F-8EDABEAF7DB0} = {8020F01D-8185-3A90-8B4F-8EDABEAF7DB0}
		{6D9EC4A6-8871-33BC-9E84-71FAFAA9C5D8} = {6D9EC4A6-8871-33BC-9E84-71FAFAA9C5D8}
		{BFF90A2A-78C3-324F-BEB8-1AFA330B8C9E} = {BFF90A2A-78C3-324F-BEB8-1AFA330B8C9E}
		{7843210A-1CD0-33B6-B4A8-60D268404A12} = {7843210A-1CD0-33B6-B4A8-60D268404A12}
	EndProjectSection
EndProject
Project("{8BC9CEB8-8B4A-11D0-8D11-00A0C91BC942}") = "openRTSP", "testProgs\openRTSP.vcxproj", "{8821A7C1-DE05-3789-BD21-9D76F04C660C}"
	ProjectSection(ProjectDependencies) = postProject
		{46858923-A1DA-3F63-BE0B-83D57EA8ACA2} = {46858923-A1DA-3F63-BE0B-83D57EA8ACA2}
		{BD201DC7-933F-329D-882D-2412597625ED} = {BD201DC7-933F-329D-882D-2412597625ED}
		{8020F01D-8185-3A90-8B4F-8EDABEAF7DB0} = {8020F01D-8185-3A90-8B4F-8EDABEAF7DB0}
		{6D9EC4A6-8871-33BC-9E84-71FAFAA9C5D8} = {6D9EC4A6-8871-33BC-9E84-71FAFAA9C5D8}
		{BFF90A2A-78C3-324F-BEB8-1AFA330B8C9E} = {BFF90A2A-78C3-324F-BEB8-1AFA330B8C9E}
		{7843210A-1CD0-33B6-B4A8-60D268404A12} = {7843210A-1CD0-33B6-B4A8-60D268404A12}
	EndProjectSection
EndProject
Project("{8BC9CEB8-8B4A-11D0-8D11-00A0C91BC942}") = "playSIP", "testProgs\playSIP.vcxproj", "{0E782CB1-1B6C-3F2B-93E8-B761161EB1D5}"
	ProjectSection(ProjectDependencies) = postProject
		{46858923-A1DA-3F63-BE0B-83D57EA8ACA2} = {46858923-A1DA-3F63-BE0B-83D57EA8ACA2}
		{BD201DC7-933F-329D-882D-2412597625ED} = {BD201DC7-933F-329D-882D-2412597625ED}
		{8020F01D-8185-3A90-8B4F-8EDABEAF7DB0} = {8020F01D-8185-3A90-8B4F-8EDABEAF7DB0}
		{6D9EC4A6-8871-33BC-9E84-71FAFAA9C5D8} = {6D9EC4A6-8871-33BC-9E84-71FAFAA9C5D8}
		{BFF90A2A-78C3-324F-BEB8-1AFA330B8C9E} = {BFF90A2A-78C3-324F-BEB8-1AFA330B8C9E}
		{7843210A-1CD0-33B6-B4A8-60D268404A12} = {7843210A-1CD0-33B6-B4A8-60D268404A12}
	EndProjectSection
EndProject
Project("{8BC9CEB8-8B4A-11D0-8D11-00A0C91BC942}") = "registerRTSPStream", "testProgs\registerRTSPStream.vcxproj", "{285EABB1-F481-3895-9522-72D919072161}"
	ProjectSection(ProjectDependencies) = postProject
		{46858923-A1DA-3F63-BE0B-83D57EA8ACA2} = {46858923-A1DA-3F63-BE0B-83D57EA8ACA2}
		{BD201DC7-933F-329D-882D-2412597625ED} = {BD201DC7-933F-329D-882D-2412597625ED}
		{8020F01D-8185-3A90-8B4F-8EDABEAF7DB0} = {8020F01D-8185-3A90-8B4F-8EDABEAF7DB0}
		{6D9EC4A6-8871-33BC-9E84-71FAFAA9C5D8} = {6D9EC4A6-8871-33BC-9E84-71FAFAA9C5D8}
		{BFF90A2A-78C3-324F-BEB8-1AFA330B8C9E} = {BFF90A2A-78C3-324F-BEB8-1AFA330B8C9E}
		{7843210A-1CD0-33B6-B4A8-60D268404A12} = {7843210A-1CD0-33B6-B4A8-60D268404A12}
	EndProjectSection
EndProject
Project("{8BC9CEB8-8B4A-11D0-8D11-00A0C91BC942}") = "sapWatch", "testProgs\sapWatch.vcxproj", "{038A8384-3B74-389E-AA80-2B7DBF45A245}"
	ProjectSection(ProjectDependencies) = postProject
		{46858923-A1DA-3F63-BE0B-83D57EA8ACA2} = {46858923-A1DA-3F63-BE0B-83D57EA8ACA2}
		{BD201DC7-933F-329D-882D-2412597625ED} = {BD201DC7-933F-329D-882D-2412597625ED}
		{8020F01D-8185-3A90-8B4F-8EDABEAF7DB0} = {8020F01D-8185-3A90-8B4F-8EDABEAF7DB0}
		{6D9EC4A6-8871-33BC-9E84-71FAFAA9C5D8} = {6D9EC4A6-8871-33BC-9E84-71FAFAA9C5D8}
		{BFF90A2A-78C3-324F-BEB8-1AFA330B8C9E} = {BFF90A2A-78C3-324F-BEB8-1AFA330B8C9E}
		{7843210A-1CD0-33B6-B4A8-60D268404A12} = {7843210A-1CD0-33B6-B4A8-60D268404A12}
	EndProjectSection
EndProject
Project("{8BC9CEB8-8B4A-11D0-8D11-00A0C91BC942}") = "testAMRAudioStreamer", "testProgs\testAMRAudioStreamer.vcxproj", "{3BA92FC0-D89D-3FB2-BF9B-65B41639A1FF}"
	ProjectSection(ProjectDependencies) = postProject
		{46858923-A1DA-3F63-BE0B-83D57EA8ACA2} = {46858923-A1DA-3F63-BE0B-83D57EA8ACA2}
		{BD201DC7-933F-329D-882D-2412597625ED} = {BD201DC7-933F-329D-882D-2412597625ED}
		{8020F01D-8185-3A90-8B4F-8EDABEAF7DB0} = {8020F01D-8185-3A90-8B4F-8EDABEAF7DB0}
		{6D9EC4A6-8871-33BC-9E84-71FAFAA9C5D8} = {6D9EC4A6-8871-33BC-9E84-71FAFAA9C5D8}
		{BE665866-8AB7-3A52-B946-3279DE13D42D} = {BE665866-8AB7-3A52-B946-3279DE13D42D}
		{BFF90A2A-78C3-324F-BEB8-1AFA330B8C9E} = {BFF90A2A-78C3-324F-BEB8-1AFA330B8C9E}
		{7843210A-1CD0-33B6-B4A8-60D268404A12} = {7843210A-1CD0-33B6-B4A8-60D268404A12}
	EndProjectSection
EndProject
Project("{8BC9CEB8-8B4A-11D0-8D11-00A0C91BC942}") = "testDVVideoStreamer", "testProgs\testDVVideoStreamer.vcxproj", "{0C5D3DCE-4232-3366-937C-2404F7A5567B}"
	ProjectSection(ProjectDependencies) = postProject
		{46858923-A1DA-3F63-BE0B-83D57EA8ACA2} = {46858923-A1DA-3F63-BE0B-83D57EA8ACA2}
		{BD201DC7-933F-329D-882D-2412597625ED} = {BD201DC7-933F-329D-882D-2412597625ED}
		{8020F01D-8185-3A90-8B4F-8EDABEAF7DB0} = {8020F01D-8185-3A90-8B4F-8EDABEAF7DB0}
		{6D9EC4A6-8871-33BC-9E84-71FAFAA9C5D8} = {6D9EC4A6-8871-33BC-9E84-71FAFAA9C5D8}
		{BE665866-8AB7-3A52-B946-3279DE13D42D} = {BE665866-8AB7-3A52-B946-3279DE13D42D}
		{BFF90A2A-78C3-324F-BEB8-1AFA330B8C9E} = {BFF90A2A-78C3-324F-BEB8-1AFA330B8C9E}
		{7843210A-1CD0-33B6-B4A8-60D268404A12} = {7843210A-1CD0-33B6-B4A8-60D268404A12}
	EndProjectSection
EndProject
Project("{8BC9CEB8-8B4A-11D0-8D11-00A0C91BC942}") = "testH264VideoStreamer", "testProgs\testH264VideoStreamer.vcxproj", "{7F0D3F75-0616-3902-B02E-CA2FB3AC4AB0}"
	ProjectSection(ProjectDependencies) = postProject
		{46858923-A1DA-3F63-BE0B-83D57EA8ACA2} = {46858923-A1DA-3F63-BE0B-83D57EA8ACA2}
		{BD201DC7-933F-329D-882D-2412597625ED} = {BD201DC7-933F-329D-882D-2412597625ED}
		{8020F01D-8185-3A90-8B4F-8EDABEAF7DB0} = {8020F01D-8185-3A90-8B4F-8EDABEAF7DB0}
		{6D9EC4A6-8871-33BC-9E84-71FAFAA9C5D8} = {6D9EC4A6-8871-33BC-9E84-71FAFAA9C5D8}
		{BE665866-8AB7-3A52-B946-3279DE13D42D} = {BE665866-8AB7-3A52-B946-3279DE13D42D}
		{BFF90A2A-78C3-324F-BEB8-1AFA330B8C9E} = {BFF90A2A-78C3-324F-BEB8-1AFA330B8C9E}
		{7843210A-1CD0-33B6-B4A8-60D268404A12} = {7843210A-1CD0-33B6-B4A8-60D268404A12}
	EndProjectSection
EndProject
Project("{8BC9CEB8-8B4A-11D0-8D11-00A0C91BC942}") = "testH264VideoToHLSSegments", "testProgs\testH264VideoToHLSSegments.vcxproj", "{BD894CEC-8BC7-39C9-9C12-B8132C79ED4C}"
	ProjectSection(ProjectDependencies) = postProject
		{46858923-A1DA-3F63-BE0B-83D57EA8ACA2} = {46858923-A1DA-3F63-BE0B-83D57EA8ACA2}
		{BD201DC7-933F-329D-882D-2412597625ED} = {BD201DC7-933F-329D-882D-2412597625ED}
		{8020F01D-8185-3A90-8B4F-8EDABEAF7DB0} = {8020F01D-8185-3A90-8B4F-8EDABEAF7DB0}
		{6D9EC4A6-8871-33BC-9E84-71FAFAA9C5D8} = {6D9EC4A6-8871-33BC-9E84-71FAFAA9C5D8}
		{BFF90A2A-78C3-324F-BEB8-1AFA330B8C9E} = {BFF90A2A-78C3-324F-BEB8-1AFA330B8C9E}
		{7843210A-1CD0-33B6-B4A8-60D268404A12} = {7843210A-1CD0-33B6-B4A8-60D268404A12}
	EndProjectSection
EndProject
Project("{8BC9CEB8-8B4A-11D0-8D11-00A0C91BC942}") = "testH264VideoToTransportStream", "testProgs\testH264VideoToTransportStream.vcxproj", "{5E549761-FE83-3497-8FAA-EA3507BCEE30}"
	ProjectSection(ProjectDependencies) = postProject
		{46858923-A1DA-3F63-BE0B-83D57EA8ACA2} = {46858923-A1DA-3F63-BE0B-83D57EA8ACA2}
		{BD201DC7-933F-329D-882D-2412597625ED} = {BD201DC7-933F-329D-882D-2412597625ED}
		{8020F01D-8185-3A90-8B4F-8EDABEAF7DB0} = {8020F01D-8185-3A90-8B4F-8EDABEAF7DB0}
		{6D9EC4A6-8871-33BC-9E84-71FAFAA9C5D8} = {6D9EC4A6-8871-33BC-9E84-71FAFAA9C5D8}
		{BFF90A2A-78C3-324F-BEB8-1AFA330B8C9E} = {BFF90A2A-78C3-324F-BEB8-1AFA330B8C9E}
		{7843210A-1CD0-33B6-B4A8-60D268404A12} = {7843210A-1CD0-33B6-B4A8-60D268404A12}
	EndProjectSection
EndProject
Project("{8BC9CEB8-8B4A-11D0-8D11-00A0C91BC942}") = "testH265VideoStreamer", "testProgs\testH265VideoStreamer.vcxproj", "{FC9DBDC6-B523-3785-A023-CF5FD15F20A8}"
	ProjectSection(ProjectDependencies) = postProject
		{46858923-A1DA-3F63-BE0B-83D57EA8ACA2} = {46858923-A1DA-3F63-BE0B-83D57EA8ACA2}
		{BD201DC7-933F-329D-882D-2412597625ED} = {BD201DC7-933F-329D-882D-2412597625ED}
		{8020F01D-8185-3A90-8B4F-8EDABEAF7DB0} = {8020F01D-8185-3A90-8B4F-8EDABEAF7DB0}
		{6D9EC4A6-8871-33BC-9E84-71FAFAA9C5D8} = {6D9EC4A6-8871-33BC-9E84-71FAFAA9C5D8}
		{BE665866-8AB7-3A52-B946-3279DE13D42D} = {BE665866-8AB7-3A52-B946-3279DE13D42D}
		{BFF90A2A-78C3-324F-BEB8-1AFA330B8C9E} = {BFF90A2A-78C3-324F-BEB8-1AFA330B8C9E}
		{7843210A-1CD0-33B6-B4A8-60D268404A12} = {7843210A-1CD0-33B6-B4A8-60D268404A12}
	EndProjectSection
EndProject
Project("{8BC9CEB8-8B4A-11D0-8D11-00A0C91BC942}") = "testH265VideoToTransportStream", "testProgs\testH265VideoToTransportStream.vcxproj", "{039A5687-2C46-3814-9CB3-CBEC54FB59C6}"
	ProjectSection(ProjectDependencies) = postProject
		{46858923-A1DA-3F63-BE0B-83D57EA8ACA2} = {46858923-A1DA-3F63-BE0B-83D57EA8ACA2}
		{BD201DC7-933F-329D-882D-2412597625ED} = {BD201DC7-933F-329D-882D-2412597625ED}
		{8020F01D-8185-3A90-8B4F-8EDABEAF7DB0} = {8020F01D-8185-3A90-8B4F-8EDABEAF7DB0}
		{6D9EC4A6-8871-33BC-9E84-71FAFAA9C5D8} = {6D9EC4A6-8871-33BC-9E84-71FAFAA9C5D8}
		{BFF90A2A-78C3-324F-BEB8-1AFA330B8C9E} = {BFF90A2A-78C3-324F-BEB8-1AFA330B8C9E}
		{7843210A-1CD0-33B6-B4A8-60D268404A12} = {7843210A-1CD0-33B6-B4A8-60D268404A12}
	EndProjectSection
EndProject
Project("{8BC9CEB8-8B4A-11D0-8D11-00A0C91BC942}") = "testMKVSplitter", "testProgs\testMKVSplitter.vcxproj", "{3DE872CA-0615-3365-B03A-121F2066791D}"
	ProjectSection(ProjectDependencies) = postProject
		{46858923-A1DA-3F63-BE0B-83D57EA8ACA2} = {46858923-A1DA-3F63-BE0B-83D57EA8ACA2}
		{BD201DC7-933F-329D-882D-2412597625ED} = {BD201DC7-933F-329D-882D-2412597625ED}
		{8020F01D-8185-3A90-8B4F-8EDABEAF7DB0} = {8020F01D-8185-3A90-8B4F-8EDABEAF7DB0}
		{6D9EC4A6-8871-33BC-9E84-71FAFAA9C5D8} = {6D9EC4A6-8871-33BC-9E84-71FAFAA9C5D8}
		{BFF90A2A-78C3-324F-BEB8-1AFA330B8C9E} = {BFF90A2A-78C3-324F-BEB8-1AFA330B8C9E}
		{7843210A-1CD0-33B6-B4A8-60D268404A12} = {7843210A-1CD0-33B6-B4A8-60D268404A12}
	EndProjectSection
EndProject
Project("{8BC9CEB8-8B4A-11D0-8D11-00A0C91BC942}") = "testMKVStreamer", "testProgs\testMKVStreamer.vcxproj", "{C79BFDB3-08CB-33CA-8F4B-5915EEE57775}"
	ProjectSection(ProjectDependencies) = postProject
		{46858923-A1DA-3F63-BE0B-83D57EA8ACA2} = {46858923-A1DA-3F63-BE0B-83D57EA8ACA2}
		{BD201DC7-933F-329D-882D-2412597625ED} = {BD201DC7-933F-329D-882D-2412597625ED}
		{8020F01D-8185-3A90-8B4F-8EDABEAF7DB0} = {8020F01D-8185-3A90-8B4F-8EDABEAF7DB0}
		{6D9EC4A6-8871-33BC-9E84-71FAFAA9C5D8} = {6D9EC4A6-8871-33BC-9E84-71FAFAA9C5D8}
		{BE665866-8AB7-3A52-B946-3279DE13D42D} = {BE665866-8AB7-3A52-B946-3279DE13D42D}
		{BFF90A2A-78C3-324F-BEB8-1AFA330B8C9E} = {BFF90A2A-78C3-324F-BEB8-1AFA330B8C9E}
		{7843210A-1CD0-33B6-B4A8-60D268404A12} = {7843210A-1CD0-33B6-B4A8-60D268404A12}
	EndProjectSection
EndProject
Project("{8BC9CEB8-8B4A-11D0-8D11-00A0C91BC942}") = "testMP3Receiver", "testProgs\testMP3Receiver.vcxproj", "{DDBB897A-0D23-3124-9AFB-5077B85598AB}"
	ProjectSection(ProjectDependencies) = postProject
		{46858923-A1DA-3F63-BE0B-83D57EA8ACA2} = {46858923-A1DA-3F63-BE0B-83D57EA8ACA2}
		{BD201DC7-933F-329D-882D-2412597625ED} = {BD201DC7-933F-329D-882D-2412597625ED}
		{8020F01D-8185-3A90-8B4F-8EDABEAF7DB0} = {8020F01D-8185-3A90-8B4F-8EDABEAF7DB0}
		{6D9EC4A6-8871-33BC-9E84-71FAFAA9C5D8} = {6D9EC4A6-8871-33BC-9E84-71FAFAA9C5D8}
		{BFF90A2A-78C3-324F-BEB8-1AFA330B8C9E} = {BFF90A2A-78C3-324F-BEB8-1AFA330B8C9E}
		{7843210A-1CD0-33B6-B4A8-60D268404A12} = {7843210A-1CD0-33B6-B4A8-60D268404A12}
	EndProjectSection
EndProject
Project("{8BC9CEB8-8B4A-11D0-8D11-00A0C91BC942}") = "testMP3Streamer", "testProgs\testMP3Streamer.vcxproj", "{F904D520-0FAA-3E6A-AF45-49F4884843F5}"
	ProjectSection(ProjectDependencies) = postProject
		{46858923-A1DA-3F63-BE0B-83D57EA8ACA2} = {46858923-A1DA-3F63-BE0B-83D57EA8ACA2}
		{BD201DC7-933F-329D-882D-2412597625ED} = {BD201DC7-933F-329D-882D-2412597625ED}
		{8020F01D-8185-3A90-8B4F-8EDABEAF7DB0} = {8020F01D-8185-3A90-8B4F-8EDABEAF7DB0}
		{6D9EC4A6-8871-33BC-9E84-71FAFAA9C5D8} = {6D9EC4A6-8871-33BC-9E84-71FAFAA9C5D8}
		{BFF90A2A-78C3-324F-BEB8-1AFA330B8C9E} = {BFF90A2A-78C3-324F-BEB8-1AFA330B8C9E}
		{7843210A-1CD0-33B6-B4A8-60D268404A12} = {7843210A-1CD0-33B6-B4A8-60D268404A12}
	EndProjectSection
EndProject
Project("{8BC9CEB8-8B4A-11D0-8D11-00A0C91BC942}") = "testMPEG1or2AudioVideoStreamer", "testProgs\testMPEG1or2AudioVideoStreamer.vcxproj", "{7EC9625B-EFA9-3C71-9D99-F2A0049869CF}"
	ProjectSection(ProjectDependencies) = postProject
		{46858923-A1DA-3F63-BE0B-83D57EA8ACA2} = {46858923-A1DA-3F63-BE0B-83D57EA8ACA2}
		{BD201DC7-933F-329D-882D-2412597625ED} = {BD201DC7-933F-329D-882D-2412597625ED}
		{8020F01D-8185-3A90-8B4F-8EDABEAF7DB0} = {8020F01D-8185-3A90-8B4F-8EDABEAF7DB0}
		{6D9EC4A6-8871-33BC-9E84-71FAFAA9C5D8} = {6D9EC4A6-8871-33BC-9E84-71FAFAA9C5D8}
		{BFF90A2A-78C3-324F-BEB8-1AFA330B8C9E} = {BFF90A2A-78C3-324F-BEB8-1AFA330B8C9E}
		{7843210A-1CD0-33B6-B4A8-60D268404A12} = {7843210A-1CD0-33B6-B4A8-60D268404A12}
	EndProjectSection
EndProject
Project("{8BC9CEB8-8B4A-11D0-8D11-00A0C91BC942}") = "testMPEG1or2ProgramToTransportStream", "testProgs\testMPEG1or2ProgramToTransportStream.vcxproj", "{52C42B46-449B-327F-B4AF-3782C031B5C5}"
	ProjectSection(ProjectDependencies) = postProject
		{46858923-A1DA-3F63-BE0B-83D57EA8ACA2} = {46858923-A1DA-3F63-BE0B-83D57EA8ACA2}
		{BD201DC7-933F-329D-882D-2412597625ED} = {BD201DC7-933F-329D-882D-2412597625ED}
		{8020F01D-8185-3A90-8B4F-8EDABEAF7DB0} = {8020F01D-8185-3A90-8B4F-8EDABEAF7DB0}
		{6D9EC4A6-8871-33BC-9E84-71FAFAA9C5D8} = {6D9EC4A6-8871-33BC-9E84-71FAFAA9C5D8}
		{BFF90A2A-78C3-324F-BEB8-1AFA330B8C9E} = {BFF90A2A-78C3-324F-BEB8-1AFA330B8C9E}
		{7843210A-1CD0-33B6-B4A8-60D268404A12} = {7843210A-1CD0-33B6-B4A8-60D268404A12}
	EndProjectSection
EndProject
Project("{8BC9CEB8-8B4A-11D0-8D11-00A0C91BC942}") = "testMPEG1or2Splitter", "testProgs\testMPEG1or2Splitter.vcxproj", "{2F5275F7-F081-355A-9BD3-A9C5E7DBCF17}"
	ProjectSection(ProjectDependencies) = postProject
		{46858923-A1DA-3F63-BE0B-83D57EA8ACA2} = {46858923-A1DA-3F63-BE0B-83D57EA8ACA2}
		{BD201DC7-933F-329D-882D-2412597625ED} = {BD201DC7-933F-329D-882D-2412597625ED}
		{8020F01D-8185-3A90-8B4F-8EDABEAF7DB0} = {8020F01D-8185-3A90-8B4F-8EDABEAF7DB0}
		{6D9EC4A6-8871-33BC-9E84-71FAFAA9C5D8} = {6D9EC4A6-8871-33BC-9E84-71FAFAA9C5D8}
		{BFF90A2A-78C3-324F-BEB8-1AFA330B8C9E} = {BFF90A2A-78C3-324F-BEB8-1AFA330B8C9E}
		{7843210A-1CD0-33B6-B4A8-60D268404A12} = {7843210A-1CD0-33B6-B4A8-60D268404A12}
	EndProjectSection
EndProject
Project("{8BC9CEB8-8B4A-11D0-8D11-00A0C91BC942}") = "testMPEG1or2VideoReceiver", "testProgs\testMPEG1or2VideoReceiver.vcxproj", "{5C877059-F5EF-390D-8BAE-1D079B6B780A}"
	ProjectSection(ProjectDependencies) = postProject
		{46858923-A1DA-3F63-BE0B-83D57EA8ACA2} = {46858923-A1DA-3F63-BE0B-83D57EA8ACA2}
		{BD201DC7-933F-329D-882D-2412597625ED} = {BD201DC7-933F-329D-882D-2412597625ED}
		{8020F01D-8185-3A90-8B4F-8EDABEAF7DB0} = {8020F01D-8185-3A90-8B4F-8EDABEAF7DB0}
		{6D9EC4A6-8871-33BC-9E84-71FAFAA9C5D8} = {6D9EC4A6-8871-33BC-9E84-71FAFAA9C5D8}
		{BFF90A2A-78C3-324F-BEB8-1AFA330B8C9E} = {BFF90A2A-78C3-324F-BEB8-1AFA330B8C9E}
		{7843210A-1CD0-33B6-B4A8-60D268404A12} = {7843210A-1CD0-33B6-B4A8-60D268404A12}
	EndProjectSection
EndProject
Project("{8BC9CEB8-8B4A-11D0-8D11-00A0C91BC942}") = "testMPEG1or2VideoStreamer", "testProgs\testMPEG1or2VideoStreamer.vcxproj", "{99D581F4-FD54-3E2A-8E9A-76B39A83DBB6}"
	ProjectSection(ProjectDependencies) = postProject
		{46858923-A1DA-3F63-BE0B-83D57EA8ACA2} = {46858923-A1DA-3F63-BE0B-83D57EA8ACA2}
		{BD201DC7-933F-329D-882D-2412597625ED} = {BD201DC7-933F-329D-882D-2412597625ED}
		{8020F01D-8185-3A90-8B4F-8EDABEAF7DB0} = {8020F01D-8185-3A90-8B4F-8EDABEAF7DB0}
		{6D9EC4A6-8871-33BC-9E84-71FAFAA9C5D8} = {6D9EC4A6-8871-33BC-9E84-71FAFAA9C5D8}
		{BFF90A2A-78C3-324F-BEB8-1AFA330B8C9E} = {BFF90A2A-78C3-324F-BEB8-1AFA330B8C9E}
		{7843210A-1CD0-33B6-B4A8-60D268404A12} = {7843210A-1CD0-33B6-B4A8-60D268404A12}
	EndProjectSection
EndProject
Project("{8BC9CEB8-8B4A-11D0-8D11-00A0C91BC942}") = "testMPEG2TransportReceiver", "testProgs\testMPEG2TransportReceiver.vcxproj", "{54648A63-290E-399B-AFDE-0E8D46A270DC}"
	ProjectSection(ProjectDependencies) = postProject
		{46858923-A1DA-3F63-BE0B-83D57EA8ACA2} = {46858923-A1DA-3F63-BE0B-83D57EA8ACA2}
		{BD201DC7-933F-329D-882D-2412597625ED} = {BD201DC7-933F-329D-882D-2412597625ED}
		{8020F01D-8185-3A90-8B4F-8EDABEAF7DB0} = {8020F01D-8185-3A90-8B4F-8EDABEAF7DB0}
		{6D9EC4A6-8871-33BC-9E84-71FAFAA9C5D8} = {6D9EC4A6-8871-33BC-9E84-71FAFAA9C5D8}
		{BFF90A2A-78C3-324F-BEB8-1AFA330B8C9E} = {BFF90A2A-78C3-324F-BEB8-1AFA330B8C9E}
		{7843210A-1CD0-33B6-B4A8-60D268404A12} = {7843210A-1CD0-33B6-B4A8-60D268404A12}
	EndProjectSection
EndProject
Project("{8BC9CEB8-8B4A-11D0-8D11-00A0C91BC942}") = "testMPEG2TransportStreamSplitter", "testProgs\testMPEG2TransportStreamSplitter.vcxproj", "{5084ABFA-6DB4-3888-A64E-2A0266C7F7B0}"
	ProjectSection(ProjectDependencies) = postProject
		{46858923-A1DA-3F63-BE0B-83D57EA8ACA2} = {46858923-A1DA-3F63-BE0B-83D57EA8ACA2}
		{BD201DC7-933F-329D-882D-2412597625ED} = {BD201DC7-933F-329D-882D-2412597625ED}
		{8020F01D-8185-3A90-8B4F-8EDABEAF7DB0} = {8020F01D-8185-3A90-8B4F-8EDABEAF7DB0}
		{6D9EC4A6-8871-33BC-9E84-71FAFAA9C5D8} = {6D9EC4A6-8871-33BC-9E84-71FAFAA9C5D8}
		{BFF90A2A-78C3-324F-BEB8-1AFA330B8C9E} = {BFF90A2A-78C3-324F-BEB8-1AFA330B8C9E}
		{7843210A-1CD0-33B6-B4A8-60D268404A12} = {7843210A-1CD0-33B6-B4A8-60D268404A12}
	EndProjectSection
EndProject
Project("{8BC9CEB8-8B4A-11D0-8D11-00A0C91BC942}") = "testMPEG2TransportStreamTrickPlay", "testProgs\testMPEG2TransportStreamTrickPlay.vcxproj", "{F4444477-7CC2-3275-868F-011886F76A0B}"
	ProjectSection(ProjectDependencies) = postProject
		{46858923-A1DA-3F63-BE0B-83D57EA8ACA2} = {46858923-A1DA-3F63-BE0B-83D57EA8ACA2}
		{BD201DC7-933F-329D-882D-2412597625ED} = {BD201DC7-933F-329D-882D-2412597625ED}
		{8020F01D-8185-3A90-8B4F-8EDABEAF7DB0} = {8020F01D-8185-3A90-8B4F-8EDABEAF7DB0}
		{6D9EC4A6-8871-33BC-9E84-71FAFAA9C5D8} = {6D9EC4A6-8871-33BC-9E84-71FAFAA9C5D8}
		{BFF90A2A-78C3-324F-BEB8-1AFA330B8C9E} = {BFF90A2A-78C3-324F-BEB8-1AFA330B8C9E}
		{7843210A-1CD0-33B6-B4A8-60D268404A12} = {7843210A-1CD0-33B6-B4A8-60D268404A12}
	EndProjectSection
EndProject
Project("{8BC9CEB8-8B4A-11D0-8D11-00A0C91BC942}") = "testMPEG2TransportStreamer", "testProgs\testMPEG2TransportStreamer.vcxproj", "{A2402B64-EA21-3CBB-9627-15E9138EE9D0}"
	ProjectSection(ProjectDependencies) = postProject
		{46858923-A1DA-3F63-BE0B-83D57EA8ACA2} = {46858923-A1DA-3F63-BE0B-83D57EA8ACA2}
		{BD201DC7-933F-329D-882D-2412597625ED} = {BD201DC7-933F-329D-882D-2412597625ED}
		{8020F01D-8185-3A90-8B4F-8EDABEAF7DB0} = {8020F01D-8185-3A90-8B4F-8EDABEAF7DB0}
		{6D9EC4A6-8871-33BC-9E84-71FAFAA9C5D8} = {6D9EC4A6-8871-33BC-9E84-71FAFAA9C5D8}
		{BFF90A2A-78C3-324F-BEB8-1AFA330B8C9E} = {BFF90A2A-78C3-324F-BEB8-1AFA330B8C9E}
		{7843210A-1CD0-33B6-B4A8-60D268404A12} = {7843210A-1CD0-33B6-B4A8-60D268404A12}
	EndProjectSection
EndProject
Project("{8BC9CEB8-8B4A-11D0-8D11-00A0C91BC942}") = "testMPEG4VideoStreamer", "testProgs\testMPEG4VideoStreamer.vcxproj", "{D55D8241-5621-302E-BAB1-CF1A67A4D520}"
	ProjectSection(ProjectDependencies) = postProject
		{46858923-A1DA-3F63-BE0B-83D57EA8ACA2} = {46858923-A1DA-3F63-BE0B-83D57EA8ACA2}
		{BD201DC7-933F-329D-882D-2412597625ED} = {BD201DC7-933F-329D-882D-2412597625ED}
		{8020F01D-8185-3A90-8B4F-8EDABEAF7DB0} = {8020F01D-8185-3A90-8B4F-8EDABEAF7DB0}
		{6D9EC4A6-8871-33BC-9E84-71FAFAA9C5D8} = {6D9EC4A6-8871-33BC-9E84-71FAFAA9C5D8}
		{BE665866-8AB7-3A52-B946-3279DE13D42D} = {BE665866-8AB7-3A52-B946-3279DE13D42D}
		{BFF90A2A-78C3-324F-BEB8-1AFA330B8C9E} = {BFF90A2A-78C3-324F-BEB8-1AFA330B8C9E}
		{7843210A-1CD0-33B6-B4A8-60D268404A12} = {7843210A-1CD0-33B6-B4A8-60D268404A12}
	EndProjectSection
EndProject
Project("{8BC9CEB8-8B4A-11D0-8D11-00A0C91BC942}") = "testOggStreamer", "testProgs\testOggStreamer.vcxproj", "{B6F91E9A-23B7-3DCA-A137-2CA9E673BC97}"
	ProjectSection(ProjectDependencies) = postProject
		{46858923-A1DA-3F63-BE0B-83D57EA8ACA2} = {46858923-A1DA-3F63-BE0B-83D57EA8ACA2}
		{BD201DC7-933F-329D-882D-2412597625ED} = {BD201DC7-933F-329D-882D-2412597625ED}
		{8020F01D-8185-3A90-8B4F-8EDABEAF7DB0} = {8020F01D-8185-3A90-8B4F-8EDABEAF7DB0}
		{6D9EC4A6-8871-33BC-9E84-71FAFAA9C5D8} = {6D9EC4A6-8871-33BC-9E84-71FAFAA9C5D8}
		{BE665866-8AB7-3A52-B946-3279DE13D42D} = {BE665866-8AB7-3A52-B946-3279DE13D42D}
		{BFF90A2A-78C3-324F-BEB8-1AFA330B8C9E} = {BFF90A2A-78C3-324F-BEB8-1AFA330B8C9E}
		{7843210A-1CD0-33B6-B4A8-60D268404A12} = {7843210A-1CD0-33B6-B4A8-60D268404A12}
	EndProjectSection
EndProject
Project("{8BC9CEB8-8B4A-11D0-8D11-00A0C91BC942}") = "testOnDemandRTSPServer", "testProgs\testOnDemandRTSPServer.vcxproj", "{6672504F-70E9-3927-B509-0FB62B34FF60}"
	ProjectSection(ProjectDependencies) = postProject
		{46858923-A1DA-3F63-BE0B-83D57EA8ACA2} = {46858923-A1DA-3F63-BE0B-83D57EA8ACA2}
		{BD201DC7-933F-329D-882D-2412597625ED} = {BD201DC7-933F-329D-882D-2412597625ED}
		{8020F01D-8185-3A90-8B4F-8EDABEAF7DB0} = {8020F01D-8185-3A90-8B4F-8EDABEAF7DB0}
		{6D9EC4A6-8871-33BC-9E84-71FAFAA9C5D8} = {6D9EC4A6-8871-33BC-9E84-71FAFAA9C5D8}
		{BE665866-8AB7-3A52-B946-3279DE13D42D} = {BE665866-8AB7-3A52-B946-3279DE13D42D}
		{BFF90A2A-78C3-324F-BEB8-1AFA330B8C9E} = {BFF90A2A-78C3-324F-BEB8-1AFA330B8C9E}
		{7843210A-1CD0-33B6-B4A8-60D268404A12} = {7843210A-1CD0-33B6-B4A8-60D268404A12}
	EndProjectSection
EndProject
Project("{8BC9CEB8-8B4A-11D0-8D11-00A0C91BC942}") = "testRTSPClient", "testProgs\testRTSPClient.vcxproj", "{B5A63BA9-0615-30A8-B963-2752C1FE6333}"
	ProjectSection(ProjectDependencies) = postProject
		{46858923-A1DA-3F63-BE0B-83D57EA8ACA2} = {46858923-A1DA-3F63-BE0B-83D57EA8ACA2}
		{BD201DC7-933F-329D-882D-2412597625ED} = {BD201DC7-933F-329D-882D-2412597625ED}
		{8020F01D-8185-3A90-8B4F-8EDABEAF7DB0} = {8020F01D-8185-3A90-8B4F-8EDABEAF7DB0}
		{6D9EC4A6-8871-33BC-9E84-71FAFAA9C5D8} = {6D9EC4A6-8871-33BC-9E84-71FAFAA9C5D8}
		{BFF90A2A-78C3-324F-BEB8-1AFA330B8C9E} = {BFF90A2A-78C3-324F-BEB8-1AFA330B8C9E}
		{7843210A-1CD0-33B6-B4A8-60D268404A12} = {7843210A-1CD0-33B6-B4A8-60D268404A12}
	EndProjectSection
EndProject
Project("{8BC9CEB8-8B4A-11D0-8D11-00A0C91BC942}") = "testRelay", "testProgs\testRelay.vcxproj", "{21CE2BE9-670F-3E2D-A29D-C0CB12017DFF}"
	ProjectSection(ProjectDependencies) = postProject
		{46858923-A1DA-3F63-BE0B-83D57EA8ACA2} = {46858923-A1DA-3F63-BE0B-83D57EA8ACA2}
		{BD201DC7-933F-329D-882D-2412597625ED} = {BD201DC7-933F-329D-882D-2412597625ED}
		{8020F01D-8185-3A90-8B4F-8EDABEAF7DB0} = {8020F01D-8185-3A90-8B4F-8EDABEAF7DB0}
		{6D9EC4A6-8871-33BC-9E84-71FAFAA9C5D8} = {6D9EC4A6-8871-33BC-9E84-71FAFAA9C5D8}
		{BFF90A2A-78C3-324F-BEB8-1AFA330B8C9E} = {BFF90A2A-78C3-324F-BEB8-1AFA330B8C9E}
		{7843210A-1CD0-33B6-B4A8-60D268404A12} = {7843210A-1CD0-33B6-B4A8-60D268404A12}
	EndProjectSection
EndProject
Project("{8BC9CEB8-8B4A-11D0-8D11-00A0C91BC942}") = "testReplicator", "testProgs\testReplicator.vcxproj", "{E44F388A-3B6B-3421-A636-FDEA92CA8CBD}"
	ProjectSection(ProjectDependencies) = postProject
		{46858923-A1DA-3F63-BE0B-83D57EA8ACA2} = {46858923-A1DA-3F63-BE0B-83D57EA8ACA2}
		{BD201DC7-933F-329D-882D-2412597625ED} = {BD201DC7-933F-329D-882D-2412597625ED}
		{8020F01D-8185-3A90-8B4F-8EDABEAF7DB0} = {8020F01D-8185-3A90-8B4F-8EDABEAF7DB0}
		{6D9EC4A6-8871-33BC-9E84-71FAFAA9C5D8} = {6D9EC4A6-8871-33BC-9E84-71FAFAA9C5D8}
		{BFF90A2A-78C3-324F-BEB8-1AFA330B8C9E} = {BFF90A2A-78C3-324F-BEB8-1AFA330B8C9E}
		{7843210A-1CD0-33B6-B4A8-60D268404A12} = {7843210A-1CD0-33B6-B4A8-60D268404A12}
	EndProjectSection
EndProject
Project("{8BC9CEB8-8B4A-11D0-8D11-00A0C91BC942}") = "testWAVAudioStreamer", "testProgs\testWAVAudioStreamer.vcxproj", "{86925986-0EAA-3D24-971C-2D97ABDD99B7}"
	ProjectSection(ProjectDependencies) = postProject
		{46858923-A1DA-3F63-BE0B-83D57EA8ACA2} = {46858923-A1DA-3F63-BE0B-83D57EA8ACA2}
		{BD201DC7-933F-329D-882D-2412597625ED} = {BD201DC7-933F-329D-882D-2412597625ED}
		{8020F01D-8185-3A90-8B4F-8EDABEAF7DB0} = {8020F01D-8185-3A90-8B4F-8EDABEAF7DB0}
		{6D9EC4A6-8871-33BC-9E84-71FAFAA9C5D8} = {6D9EC4A6-8871-33BC-9E84-71FAFAA9C5D8}
		{BE665866-8AB7-3A52-B946-3279DE13D42D} = {BE665866-8AB7-3A52-B946-3279DE13D42D}
		{BFF90A2A-78C3-324F-BEB8-1AFA330B8C9E} = {BFF90A2A-78C3-324F-BEB8-1AFA330B8C9E}
		{7843210A-1CD0-33B6-B4A8-60D268404A12} = {7843210A-1CD0-33B6-B4A8-60D268404A12}
	EndProjectSection
EndProject
Project("{8BC9CEB8-8B4A-11D0-8D11-00A0C91BC942}") = "vobStreamer", "testProgs\vobStreamer.vcxproj", "{2A263746-32CC-3AB8-8C7B-ED9960E8C259}"
	ProjectSection(ProjectDependencies) = postProject
		{46858923-A1DA-3F63-BE0B-83D57EA8ACA2} = {46858923-A1DA-3F63-BE0B-83D57EA8ACA2}
		{BD201DC7-933F-329D-882D-2412597625ED} = {BD201DC7-933F-329D-882D-2412597625ED}
		{8020F01D-8185-3A90-8B4F-8EDABEAF7DB0} = {8020F01D-8185-3A90-8B4F-8EDABEAF7DB0}
		{6D9EC4A6-8871-33BC-9E84-71FAFAA9C5D8} = {6D9EC4A6-8871-33BC-9E84-71FAFAA9C5D8}
		{BE665866-8AB7-3A52-B946-3279DE13D42D} = {BE665866-8AB7-3A52-B946-3279DE13D42D}
		{BFF90A2A-78C3-324F-BEB8-1AFA330B8C9E} = {BFF90A2A-78C3-324F-BEB8-1AFA330B8C9E}
		{7843210A-1CD0-33B6-B4A8-60D268404A12} = {7843210A-1CD0-33B6-B4A8-60D268404A12}
	EndProjectSection
EndProject
Global
	GlobalSection(SolutionConfigurationPlatforms) = preSolution
		Debug|x64 = Debug|x64
		Release|x64 = Release|x64
		MinSizeRel|x64 = MinSizeRel|x64
		RelWithDebInfo|x64 = RelWithDebInfo|x64
	EndGlobalSection
	GlobalSection(ProjectConfigurationPlatforms) = postSolution
		{336F9F56-5FFA-363A-970C-A1A7165EB233}.Debug|x64.ActiveCfg = Debug|x64
		{336F9F56-5FFA-363A-970C-A1A7165EB233}.Debug|x64.Build.0 = Debug|x64
		{336F9F56-5FFA-363A-970C-A1A7165EB233}.Release|x64.ActiveCfg = Release|x64
		{336F9F56-5FFA-363A-970C-A1A7165EB233}.Release|x64.Build.0 = Release|x64
		{336F9F56-5FFA-363A-970C-A1A7165EB233}.MinSizeRel|x64.ActiveCfg = MinSizeRel|x64
		{336F9F56-5FFA-363A-970C-A1A7165EB233}.MinSizeRel|x64.Build.0 = MinSizeRel|x64
		{336F9F56-5FFA-363A-970C-A1A7165EB233}.RelWithDebInfo|x64.ActiveCfg = RelWithDebInfo|x64
		{336F9F56-5FFA-363A-970C-A1A7165EB233}.RelWithDebInfo|x64.Build.0 = RelWithDebInfo|x64
		{46858923-A1DA-3F63-BE0B-83D57EA8ACA2}.Debug|x64.ActiveCfg = Debug|x64
		{46858923-A1DA-3F63-BE0B-83D57EA8ACA2}.Debug|x64.Build.0 = Debug|x64
		{46858923-A1DA-3F63-BE0B-83D57EA8ACA2}.Release|x64.ActiveCfg = Release|x64
		{46858923-A1DA-3F63-BE0B-83D57EA8ACA2}.Release|x64.Build.0 = Release|x64
		{46858923-A1DA-3F63-BE0B-83D57EA8ACA2}.MinSizeRel|x64.ActiveCfg = MinSizeRel|x64
		{46858923-A1DA-3F63-BE0B-83D57EA8ACA2}.MinSizeRel|x64.Build.0 = MinSizeRel|x64
		{46858923-A1DA-3F63-BE0B-83D57EA8ACA2}.RelWithDebInfo|x64.ActiveCfg = RelWithDebInfo|x64
		{46858923-A1DA-3F63-BE0B-83D57EA8ACA2}.RelWithDebInfo|x64.Build.0 = RelWithDebInfo|x64
		{BD201DC7-933F-329D-882D-2412597625ED}.Debug|x64.ActiveCfg = Debug|x64
		{BD201DC7-933F-329D-882D-2412597625ED}.Debug|x64.Build.0 = Debug|x64
		{BD201DC7-933F-329D-882D-2412597625ED}.Release|x64.ActiveCfg = Release|x64
		{BD201DC7-933F-329D-882D-2412597625ED}.Release|x64.Build.0 = Release|x64
		{BD201DC7-933F-329D-882D-2412597625ED}.MinSizeRel|x64.ActiveCfg = MinSizeRel|x64
		{BD201DC7-933F-329D-882D-2412597625ED}.MinSizeRel|x64.Build.0 = MinSizeRel|x64
		{BD201DC7-933F-329D-882D-2412597625ED}.RelWithDebInfo|x64.ActiveCfg = RelWithDebInfo|x64
		{BD201DC7-933F-329D-882D-2412597625ED}.RelWithDebInfo|x64.Build.0 = RelWithDebInfo|x64
		{68F69027-AB6C-3DCF-95ED-5903DEEA2974}.Debug|x64.ActiveCfg = Debug|x64
		{68F69027-AB6C-3DCF-95ED-5903DEEA2974}.Release|x64.ActiveCfg = Release|x64
		{68F69027-AB6C-3DCF-95ED-5903DEEA2974}.MinSizeRel|x64.ActiveCfg = MinSizeRel|x64
		{68F69027-AB6C-3DCF-95ED-5903DEEA2974}.RelWithDebInfo|x64.ActiveCfg = RelWithDebInfo|x64
		{6A04D6A2-BA19-3EC1-87BA-E9CFAFBBC977}.Debug|x64.ActiveCfg = Debug|x64
		{6A04D6A2-BA19-3EC1-87BA-E9CFAFBBC977}.Debug|x64.Build.0 = Debug|x64
		{6A04D6A2-BA19-3EC1-87BA-E9CFAFBBC977}.Release|x64.ActiveCfg = Release|x64
		{6A04D6A2-BA19-3EC1-87BA-E9CFAFBBC977}.Release|x64.Build.0 = Release|x64
		{6A04D6A2-BA19-3EC1-87BA-E9CFAFBBC977}.MinSizeRel|x64.ActiveCfg = MinSizeRel|x64
		{6A04D6A2-BA19-3EC1-87BA-E9CFAFBBC977}.MinSizeRel|x64.Build.0 = MinSizeRel|x64
		{6A04D6A2-BA19-3EC1-87BA-E9CFAFBBC977}.RelWithDebInfo|x64.ActiveCfg = RelWithDebInfo|x64
		{6A04D6A2-BA19-3EC1-87BA-E9CFAFBBC977}.RelWithDebInfo|x64.Build.0 = RelWithDebInfo|x64
		{8020F01D-8185-3A90-8B4F-8EDABEAF7DB0}.Debug|x64.ActiveCfg = Debug|x64
		{8020F01D-8185-3A90-8B4F-8EDABEAF7DB0}.Debug|x64.Build.0 = Debug|x64
		{8020F01D-8185-3A90-8B4F-8EDABEAF7DB0}.Release|x64.ActiveCfg = Release|x64
		{8020F01D-8185-3A90-8B4F-8EDABEAF7DB0}.Release|x64.Build.0 = Release|x64
		{8020F01D-8185-3A90-8B4F-8EDABEAF7DB0}.MinSizeRel|x64.ActiveCfg = MinSizeRel|x64
		{8020F01D-8185-3A90-8B4F-8EDABEAF7DB0}.MinSizeRel|x64.Build.0 = MinSizeRel|x64
		{8020F01D-8185-3A90-8B4F-8EDABEAF7DB0}.RelWithDebInfo|x64.ActiveCfg = RelWithDebInfo|x64
		{8020F01D-8185-3A90-8B4F-8EDABEAF7DB0}.RelWithDebInfo|x64.Build.0 = RelWithDebInfo|x64
		{6D9EC4A6-8871-33BC-9E84-71FAFAA9C5D8}.Debug|x64.ActiveCfg = Debug|x64
		{6D9EC4A6-8871-33BC-9E84-71FAFAA9C5D8}.Debug|x64.Build.0 = Debug|x64
		{6D9EC4A6-8871-33BC-9E84-71FAFAA9C5D8}.Release|x64.ActiveCfg = Release|x64
		{6D9EC4A6-8871-33BC-9E84-71FAFAA9C5D8}.Release|x64.Build.0 = Release|x64
		{6D9EC4A6-8871-33BC-9E84-71FAFAA9C5D8}.MinSizeRel|x64.ActiveCfg = MinSizeRel|x64
		{6D9EC4A6-8871-33BC-9E84-71FAFAA9C5D8}.MinSizeRel|x64.Build.0 = MinSizeRel|x64
		{6D9EC4A6-8871-33BC-9E84-71FAFAA9C5D8}.RelWithDebInfo|x64.ActiveCfg = RelWithDebInfo|x64
		{6D9EC4A6-8871-33BC-9E84-71FAFAA9C5D8}.RelWithDebInfo|x64.Build.0 = RelWithDebInfo|x64
		{BE665866-8AB7-3A52-B946-3279DE13D42D}.Debug|x64.ActiveCfg = Debug|x64
		{BE665866-8AB7-3A52-B946-3279DE13D42D}.Debug|x64.Build.0 = Debug|x64
		{BE665866-8AB7-3A52-B946-3279DE13D42D}.Release|x64.ActiveCfg = Release|x64
		{BE665866-8AB7-3A52-B946-3279DE13D42D}.Release|x64.Build.0 = Release|x64
		{BE665866-8AB7-3A52-B946-3279DE13D42D}.MinSizeRel|x64.ActiveCfg = MinSizeRel|x64
		{BE665866-8AB7-3A52-B946-3279DE13D42D}.MinSizeRel|x64.Build.0 = MinSizeRel|x64
		{BE665866-8AB7-3A52-B946-3279DE13D42D}.RelWithDebInfo|x64.ActiveCfg = RelWithDebInfo|x64
		{BE665866-8AB7-3A52-B946-3279DE13D42D}.RelWithDebInfo|x64.Build.0 = RelWithDebInfo|x64
		{BFF90A2A-78C3-324F-BEB8-1AFA330B8C9E}.Debug|x64.ActiveCfg = Debug|x64
		{BFF90A2A-78C3-324F-BEB8-1AFA330B8C9E}.Debug|x64.Build.0 = Debug|x64
		{BFF90A2A-78C3-324F-BEB8-1AFA330B8C9E}.Release|x64.ActiveCfg = Release|x64
		{BFF90A2A-78C3-324F-BEB8-1AFA330B8C9E}.Release|x64.Build.0 = Release|x64
		{BFF90A2A-78C3-324F-BEB8-1AFA330B8C9E}.MinSizeRel|x64.ActiveCfg = MinSizeRel|x64
		{BFF90A2A-78C3-324F-BEB8-1AFA330B8C9E}.MinSizeRel|x64.Build.0 = MinSizeRel|x64
		{BFF90A2A-78C3-324F-BEB8-1AFA330B8C9E}.RelWithDebInfo|x64.ActiveCfg = RelWithDebInfo|x64
		{BFF90A2A-78C3-324F-BEB8-1AFA330B8C9E}.RelWithDebInfo|x64.Build.0 = RelWithDebInfo|x64
		{5610F66A-EB75-37FD-94E7-69A08AF9F96D}.Debug|x64.ActiveCfg = Debug|x64
		{5610F66A-EB75-37FD-94E7-69A08AF9F96D}.Debug|x64.Build.0 = Debug|x64
		{5610F66A-EB75-37FD-94E7-69A08AF9F96D}.Release|x64.ActiveCfg = Release|x64
		{5610F66A-EB75-37FD-94E7-69A08AF9F96D}.Release|x64.Build.0 = Release|x64
		{5610F66A-EB75-37FD-94E7-69A08AF9F96D}.MinSizeRel|x64.ActiveCfg = MinSizeRel|x64
		{5610F66A-EB75-37FD-94E7-69A08AF9F96D}.MinSizeRel|x64.Build.0 = MinSizeRel|x64
		{5610F66A-EB75-37FD-94E7-69A08AF9F96D}.RelWithDebInfo|x64.ActiveCfg = RelWithDebInfo|x64
		{5610F66A-EB75-37FD-94E7-69A08AF9F96D}.RelWithDebInfo|x64.Build.0 = RelWithDebInfo|x64
		{FC536409-19A9-3C9F-B7E1-6DFB82F9161B}.Debug|x64.ActiveCfg = Debug|x64
		{FC536409-19A9-3C9F-B7E1-6DFB82F9161B}.Debug|x64.Build.0 = Debug|x64
		{FC536409-19A9-3C9F-B7E1-6DFB82F9161B}.Release|x64.ActiveCfg = Release|x64
		{FC536409-19A9-3C9F-B7E1-6DFB82F9161B}.Release|x64.Build.0 = Release|x64
		{FC536409-19A9-3C9F-B7E1-6DFB82F9161B}.MinSizeRel|x64.ActiveCfg = MinSizeRel|x64
		{FC536409-19A9-3C9F-B7E1-6DFB82F9161B}.MinSizeRel|x64.Build.0 = MinSizeRel|x64
		{FC536409-19A9-3C9F-B7E1-6DFB82F9161B}.RelWithDebInfo|x64.ActiveCfg = RelWithDebInfo|x64
		{FC536409-19A9-3C9F-B7E1-6DFB82F9161B}.RelWithDebInfo|x64.Build.0 = RelWithDebInfo|x64
		{3210752F-5F48-3D7E-BB68-B4629E79E0B6}.Debug|x64.ActiveCfg = Debug|x64
		{3210752F-5F48-3D7E-BB68-B4629E79E0B6}.Debug|x64.Build.0 = Debug|x64
		{3210752F-5F48-3D7E-BB68-B4629E79E0B6}.Release|x64.ActiveCfg = Release|x64
		{3210752F-5F48-3D7E-BB68-B4629E79E0B6}.Release|x64.Build.0 = Release|x64
		{3210752F-5F48-3D7E-BB68-B4629E79E0B6}.MinSizeRel|x64.ActiveCfg = MinSizeRel|x64
		{3210752F-5F48-3D7E-BB68-B4629E79E0B6}.MinSizeRel|x64.Build.0 = MinSizeRel|x64
		{3210752F-5F48-3D7E-BB68-B4629E79E0B6}.RelWithDebInfo|x64.ActiveCfg = RelWithDebInfo|x64
		{3210752F-5F48-3D7E-BB68-B4629E79E0B6}.RelWithDebInfo|x64.Build.0 = RelWithDebInfo|x64
		{7843210A-1CD0-33B6-B4A8-60D268404A12}.Debug|x64.ActiveCfg = Debug|x64
		{7843210A-1CD0-33B6-B4A8-60D268404A12}.Debug|x64.Build.0 = Debug|x64
		{7843210A-1CD0-33B6-B4A8-60D268404A12}.Release|x64.ActiveCfg = Release|x64
		{7843210A-1CD0-33B6-B4A8-60D268404A12}.Release|x64.Build.0 = Release|x64
		{7843210A-1CD0-33B6-B4A8-60D268404A12}.MinSizeRel|x64.ActiveCfg = MinSizeRel|x64
		{7843210A-1CD0-33B6-B4A8-60D268404A12}.MinSizeRel|x64.Build.0 = MinSizeRel|x64
		{7843210A-1CD0-33B6-B4A8-60D268404A12}.RelWithDebInfo|x64.ActiveCfg = RelWithDebInfo|x64
		{7843210A-1CD0-33B6-B4A8-60D268404A12}.RelWithDebInfo|x64.Build.0 = RelWithDebInfo|x64
		{B500FB0C-6553-344F-A9C3-C65AD703C5C1}.Debug|x64.ActiveCfg = Debug|x64
		{B500FB0C-6553-344F-A9C3-C65AD703C5C1}.Debug|x64.Build.0 = Debug|x64
		{B500FB0C-6553-344F-A9C3-C65AD703C5C1}.Release|x64.ActiveCfg = Release|x64
		{B500FB0C-6553-344F-A9C3-C65AD703C5C1}.Release|x64.Build.0 = Release|x64
		{B500FB0C-6553-344F-A9C3-C65AD703C5C1}.MinSizeRel|x64.ActiveCfg = MinSizeRel|x64
		{B500FB0C-6553-344F-A9C3-C65AD703C5C1}.MinSizeRel|x64.Build.0 = MinSizeRel|x64
		{B500FB0C-6553-344F-A9C3-C65AD703C5C1}.RelWithDebInfo|x64.ActiveCfg = RelWithDebInfo|x64
		{B500FB0C-6553-344F-A9C3-C65AD703C5C1}.RelWithDebInfo|x64.Build.0 = RelWithDebInfo|x64
		{8821A7C1-DE05-3789-BD21-9D76F04C660C}.Debug|x64.ActiveCfg = Debug|x64
		{8821A7C1-DE05-3789-BD21-9D76F04C660C}.Debug|x64.Build.0 = Debug|x64
		{8821A7C1-DE05-3789-BD21-9D76F04C660C}.Release|x64.ActiveCfg = Release|x64
		{8821A7C1-DE05-3789-BD21-9D76F04C660C}.Release|x64.Build.0 = Release|x64
		{8821A7C1-DE05-3789-BD21-9D76F04C660C}.MinSizeRel|x64.ActiveCfg = MinSizeRel|x64
		{8821A7C1-DE05-3789-BD21-9D76F04C660C}.MinSizeRel|x64.Build.0 = MinSizeRel|x64
		{8821A7C1-DE05-3789-BD21-9D76F04C660C}.RelWithDebInfo|x64.ActiveCfg = RelWithDebInfo|x64
		{8821A7C1-DE05-3789-BD21-9D76F04C660C}.RelWithDebInfo|x64.Build.0 = RelWithDebInfo|x64
		{0E782CB1-1B6C-3F2B-93E8-B761161EB1D5}.Debug|x64.ActiveCfg = Debug|x64
		{0E782CB1-1B6C-3F2B-93E8-B761161EB1D5}.Debug|x64.Build.0 = Debug|x64
		{0E782CB1-1B6C-3F2B-93E8-B761161EB1D5}.Release|x64.ActiveCfg = Release|x64
		{0E782CB1-1B6C-3F2B-93E8-B761161EB1D5}.Release|x64.Build.0 = Release|x64
		{0E782CB1-1B6C-3F2B-93E8-B761161EB1D5}.MinSizeRel|x64.ActiveCfg = MinSizeRel|x64
		{0E782CB1-1B6C-3F2B-93E8-B761161EB1D5}.MinSizeRel|x64.Build.0 = MinSizeRel|x64
		{0E782CB1-1B6C-3F2B-93E8-B761161EB1D5}.RelWithDebInfo|x64.ActiveCfg = RelWithDebInfo|x64
		{0E782CB1-1B6C-3F2B-93E8-B761161EB1D5}.RelWithDebInfo|x64.Build.0 = RelWithDebInfo|x64
		{285EABB1-F481-3895-9522-72D919072161}.Debug|x64.ActiveCfg = Debug|x64
		{285EABB1-F481-3895-9522-72D919072161}.Debug|x64.Build.0 = Debug|x64
		{285EABB1-F481-3895-9522-72D919072161}.Release|x64.ActiveCfg = Release|x64
		{285EABB1-F481-3895-9522-72D919072161}.Release|x64.Build.0 = Release|x64
		{285EABB1-F481-3895-9522-72D919072161}.MinSizeRel|x64.ActiveCfg = MinSizeRel|x64
		{285EABB1-F481-3895-9522-72D919072161}.MinSizeRel|x64.Build.0 = MinSizeRel|x64
		{285EABB1-F481-3895-9522-72D919072161}.RelWithDebInfo|x64.ActiveCfg = RelWithDebInfo|x64
		{285EABB1-F481-3895-9522-72D919072161}.RelWithDebInfo|x64.Build.0 = RelWithDebInfo|x64
		{038A8384-3B74-389E-AA80-2B7DBF45A245}.Debug|x64.ActiveCfg = Debug|x64
		{038A8384-3B74-389E-AA80-2B7DBF45A245}.Debug|x64.Build.0 = Debug|x64
		{038A8384-3B74-389E-AA80-2B7DBF45A245}.Release|x64.ActiveCfg = Release|x64
		{038A8384-3B74-389E-AA80-2B7DBF45A245}.Release|x64.Build.0 = Release|x64
		{038A8384-3B74-389E-AA80-2B7DBF45A245}.MinSizeRel|x64.ActiveCfg = MinSizeRel|x64
		{038A8384-3B74-389E-AA80-2B7DBF45A245}.MinSizeRel|x64.Build.0 = MinSizeRel|x64
		{038A8384-3B74-389E-AA80-2B7DBF45A245}.RelWithDebInfo|x64.ActiveCfg = RelWithDebInfo|x64
		{038A8384-3B74-389E-AA80-2B7DBF45A245}.RelWithDebInfo|x64.Build.0 = RelWithDebInfo|x64
		{3BA92FC0-D89D-3FB2-BF9B-65B41639A1FF}.Debug|x64.ActiveCfg = Debug|x64
		{3BA92FC0-D89D-3FB2-BF9B-65B41639A1FF}.Debug|x64.Build.0 = Debug|x64
		{3BA92FC0-D89D-3FB2-BF9B-65B41639A1FF}.Release|x64.ActiveCfg = Release|x64
		{3BA92FC0-D89D-3FB2-BF9B-65B41639A1FF}.Release|x64.Build.0 = Release|x64
		{3BA92FC0-D89D-3FB2-BF9B-65B41639A1FF}.MinSizeRel|x64.ActiveCfg = MinSizeRel|x64
		{3BA92FC0-D89D-3FB2-BF9B-65B41639A1FF}.MinSizeRel|x64.Build.0 = MinSizeRel|x64
		{3BA92FC0-D89D-3FB2-BF9B-65B41639A1FF}.RelWithDebInfo|x64.ActiveCfg = RelWithDebInfo|x64
		{3BA92FC0-D89D-3FB2-BF9B-65B41639A1FF}.RelWithDebInfo|x64.Build.0 = RelWithDebInfo|x64
		{0C5D3DCE-4232-3366-937C-2404F7A5567B}.Debug|x64.ActiveCfg = Debug|x64
		{0C5D3DCE-4232-3366-937C-2404F7A5567B}.Debug|x64.Build.0 = Debug|x64
		{0C5D3DCE-4232-3366-937C-2404F7A5567B}.Release|x64.ActiveCfg = Release|x64
		{0C5D3DCE-4232-3366-937C-2404F7A5567B}.Release|x64.Build.0 = Release|x64
		{0C5D3DCE-4232-3366-937C-2404F7A5567B}.MinSizeRel|x64.ActiveCfg = MinSizeRel|x64
		{0C5D3DCE-4232-3366-937C-2404F7A5567B}.MinSizeRel|x64.Build.0 = MinSizeRel|x64
		{0C5D3DCE-4232-3366-937C-2404F7A5567B}.RelWithDebInfo|x64.ActiveCfg = RelWithDebInfo|x64
		{0C5D3DCE-4232-3366-937C-2404F7A5567B}.RelWithDebInfo|x64.Build.0 = RelWithDebInfo|x64
		{7F0D3F75-0616-3902-B02E-CA2FB3AC4AB0}.Debug|x64.ActiveCfg = Debug|x64
		{7F0D3F75-0616-3902-B02E-CA2FB3AC4AB0}.Debug|x64.Build.0 = Debug|x64
		{7F0D3F75-0616-3902-B02E-CA2FB3AC4AB0}.Release|x64.ActiveCfg = Release|x64
		{7F0D3F75-0616-3902-B02E-CA2FB3AC4AB0}.Release|x64.Build.0 = Release|x64
		{7F0D3F75-0616-3902-B02E-CA2FB3AC4AB0}.MinSizeRel|x64.ActiveCfg = MinSizeRel|x64
		{7F0D3F75-0616-3902-B02E-CA2FB3AC4AB0}.MinSizeRel|x64.Build.0 = MinSizeRel|x64
		{7F0D3F75-0616-3902-B02E-CA2FB3AC4AB0}.RelWithDebInfo|x64.ActiveCfg = RelWithDebInfo|x64
		{7F0D3F75-0616-3902-B02E-CA2FB3AC4AB0}.RelWithDebInfo|x64.Build.0 = RelWithDebInfo|x64
		{BD894CEC-8BC7-39C9-9C12-B8132C79ED4C}.Debug|x64.ActiveCfg = Debug|x64
		{BD894CEC-8BC7-39C9-9C12-B8132C79ED4C}.Debug|x64.Build.0 = Debug|x64
		{BD894CEC-8BC7-39C9-9C12-B8132C79ED4C}.Release|x64.ActiveCfg = Release|x64
		{BD894CEC-8BC7-39C9-9C12-B8132C79ED4C}.Release|x64.Build.0 = Release|x64
		{BD894CEC-8BC7-39C9-9C12-B8132C79ED4C}.MinSizeRel|x64.ActiveCfg = MinSizeRel|x64
		{BD894CEC-8BC7-39C9-9C12-B8132C79ED4C}.MinSizeRel|x64.Build.0 = MinSizeRel|x64
		{BD894CEC-8BC7-39C9-9C12-B8132C79ED4C}.RelWithDebInfo|x64.ActiveCfg = RelWithDebInfo|x64
		{BD894CEC-8BC7-39C9-9C12-B8132C79ED4C}.RelWithDebInfo|x64.Build.0 = RelWithDebInfo|x64
		{5E549761-FE83-3497-8FAA-EA3507BCEE30}.Debug|x64.ActiveCfg = Debug|x64
		{5E549761-FE83-3497-8FAA-EA3507BCEE30}.Debug|x64.Build.0 = Debug|x64
		{5E549761-FE83-3497-8FAA-EA3507BCEE30}.Release|x64.ActiveCfg = Release|x64
		{5E549761-FE83-3497-8FAA-EA3507BCEE30}.Release|x64.Build.0 = Release|x64
		{5E549761-FE83-3497-8FAA-EA3507BCEE30}.MinSizeRel|x64.ActiveCfg = MinSizeRel|x64
		{5E549761-FE83-3497-8FAA-EA3507BCEE30}.MinSizeRel|x64.Build.0 = MinSizeRel|x64
		{5E549761-FE83-3497-8FAA-EA3507BCEE30}.RelWithDebInfo|x64.ActiveCfg = RelWithDebInfo|x64
		{5E549761-FE83-3497-8FAA-EA3507BCEE30}.RelWithDebInfo|x64.Build.0 = RelWithDebInfo|x64
		{FC9DBDC6-B523-3785-A023-CF5FD15F20A8}.Debug|x64.ActiveCfg = Debug|x64
		{FC9DBDC6-B523-3785-A023-CF5FD15F20A8}.Debug|x64.Build.0 = Debug|x64
		{FC9DBDC6-B523-3785-A023-CF5FD15F20A8}.Release|x64.ActiveCfg = Release|x64
		{FC9DBDC6-B523-3785-A023-CF5FD15F20A8}.Release|x64.Build.0 = Release|x64
		{FC9DBDC6-B523-3785-A023-CF5FD15F20A8}.MinSizeRel|x64.ActiveCfg = MinSizeRel|x64
		{FC9DBDC6-B523-3785-A023-CF5FD15F20A8}.MinSizeRel|x64.Build.0 = MinSizeRel|x64
		{FC9DBDC6-B523-3785-A023-CF5FD15F20A8}.RelWithDebInfo|x64.ActiveCfg = RelWithDebInfo|x64
		{FC9DBDC6-B523-3785-A023-CF5FD15F20A8}.RelWithDebInfo|x64.Build.0 = RelWithDebInfo|x64
		{039A5687-2C46-3814-9CB3-CBEC54FB59C6}.Debug|x64.ActiveCfg = Debug|x64
		{039A5687-2C46-3814-9CB3-CBEC54FB59C6}.Debug|x64.Build.0 = Debug|x64
		{039A5687-2C46-3814-9CB3-CBEC54FB59C6}.Release|x64.ActiveCfg = Release|x64
		{039A5687-2C46-3814-9CB3-CBEC54FB59C6}.Release|x64.Build.0 = Release|x64
		{039A5687-2C46-3814-9CB3-CBEC54FB59C6}.MinSizeRel|x64.ActiveCfg = MinSizeRel|x64
		{039A5687-2C46-3814-9CB3-CBEC54FB59C6}.MinSizeRel|x64.Build.0 = MinSizeRel|x64
		{039A5687-2C46-3814-9CB3-CBEC54FB59C6}.RelWithDebInfo|x64.ActiveCfg = RelWithDebInfo|x64
		{039A5687-2C46-3814-9CB3-CBEC54FB59C6}.RelWithDebInfo|x64.Build.0 = RelWithDebInfo|x64
		{3DE872CA-0615-3365-B03A-121F2066791D}.Debug|x64.ActiveCfg = Debug|x64
		{3DE872CA-0615-3365-B03A-121F2066791D}.Debug|x64.Build.0 = Debug|x64
		{3DE872CA-0615-3365-B03A-121F2066791D}.Release|x64.ActiveCfg = Release|x64
		{3DE872CA-0615-3365-B03A-121F2066791D}.Release|x64.Build.0 = Release|x64
		{3DE872CA-0615-3365-B03A-121F2066791D}.MinSizeRel|x64.ActiveCfg = MinSizeRel|x64
		{3DE872CA-0615-3365-B03A-121F2066791D}.MinSizeRel|x64.Build.0 = MinSizeRel|x64
		{3DE872CA-0615-3365-B03A-121F2066791D}.RelWithDebInfo|x64.ActiveCfg = RelWithDebInfo|x64
		{3DE872CA-0615-3365-B03A-121F2066791D}.RelWithDebInfo|x64.Build.0 = RelWithDebInfo|x64
		{C79BFDB3-08CB-33CA-8F4B-5915EEE57775}.Debug|x64.ActiveCfg = Debug|x64
		{C79BFDB3-08CB-33CA-8F4B-5915EEE57775}.Debug|x64.Build.0 = Debug|x64
		{C79BFDB3-08CB-33CA-8F4B-5915EEE57775}.Release|x64.ActiveCfg = Release|x64
		{C79BFDB3-08CB-33CA-8F4B-5915EEE57775}.Release|x64.Build.0 = Release|x64
		{C79BFDB3-08CB-33CA-8F4B-5915EEE57775}.MinSizeRel|x64.ActiveCfg = MinSizeRel|x64
		{C79BFDB3-08CB-33CA-8F4B-5915EEE57775}.MinSizeRel|x64.Build.0 = MinSizeRel|x64
		{C79BFDB3-08CB-33CA-8F4B-5915EEE57775}.RelWithDebInfo|x64.ActiveCfg = RelWithDebInfo|x64
		{C79BFDB3-08CB-33CA-8F4B-5915EEE57775}.RelWithDebInfo|x64.Build.0 = RelWithDebInfo|x64
		{DDBB897A-0D23-3124-9AFB-5077B85598AB}.Debug|x64.ActiveCfg = Debug|x64
		{DDBB897A-0D23-3124-9AFB-5077B85598AB}.Debug|x64.Build.0 = Debug|x64
		{DDBB897A-0D23-3124-9AFB-5077B85598AB}.Release|x64.ActiveCfg = Release|x64
		{DDBB897A-0D23-3124-9AFB-5077B85598AB}.Release|x64.Build.0 = Release|x64
		{DDBB897A-0D23-3124-9AFB-5077B85598AB}.MinSizeRel|x64.ActiveCfg = MinSizeRel|x64
		{DDBB897A-0D23-3124-9AFB-5077B85598AB}.MinSizeRel|x64.Build.0 = MinSizeRel|x64
		{DDBB897A-0D23-3124-9AFB-5077B85598AB}.RelWithDebInfo|x64.ActiveCfg = RelWithDebInfo|x64
		{DDBB897A-0D23-3124-9AFB-5077B85598AB}.RelWithDebInfo|x64.Build.0 = RelWithDebInfo|x64
		{F904D520-0FAA-3E6A-AF45-49F4884843F5}.Debug|x64.ActiveCfg = Debug|x64
		{F904D520-0FAA-3E6A-AF45-49F4884843F5}.Debug|x64.Build.0 = Debug|x64
		{F904D520-0FAA-3E6A-AF45-49F4884843F5}.Release|x64.ActiveCfg = Release|x64
		{F904D520-0FAA-3E6A-AF45-49F4884843F5}.Release|x64.Build.0 = Release|x64
		{F904D520-0FAA-3E6A-AF45-49F4884843F5}.MinSizeRel|x64.ActiveCfg = MinSizeRel|x64
		{F904D520-0FAA-3E6A-AF45-49F4884843F5}.MinSizeRel|x64.Build.0 = MinSizeRel|x64
		{F904D520-0FAA-3E6A-AF45-49F4884843F5}.RelWithDebInfo|x64.ActiveCfg = RelWithDebInfo|x64
		{F904D520-0FAA-3E6A-AF45-49F4884843F5}.RelWithDebInfo|x64.Build.0 = RelWithDebInfo|x64
		{7EC9625B-EFA9-3C71-9D99-F2A0049869CF}.Debug|x64.ActiveCfg = Debug|x64
		{7EC9625B-EFA9-3C71-9D99-F2A0049869CF}.Debug|x64.Build.0 = Debug|x64
		{7EC9625B-EFA9-3C71-9D99-F2A0049869CF}.Release|x64.ActiveCfg = Release|x64
		{7EC9625B-EFA9-3C71-9D99-F2A0049869CF}.Release|x64.Build.0 = Release|x64
		{7EC9625B-EFA9-3C71-9D99-F2A0049869CF}.MinSizeRel|x64.ActiveCfg = MinSizeRel|x64
		{7EC9625B-EFA9-3C71-9D99-F2A0049869CF}.MinSizeRel|x64.Build.0 = MinSizeRel|x64
		{7EC9625B-EFA9-3C71-9D99-F2A0049869CF}.RelWithDebInfo|x64.ActiveCfg = RelWithDebInfo|x64
		{7EC9625B-EFA9-3C71-9D99-F2A0049869CF}.RelWithDebInfo|x64.Build.0 = RelWithDebInfo|x64
		{52C42B46-449B-327F-B4AF-3782C031B5C5}.Debug|x64.ActiveCfg = Debug|x64
		{52C42B46-449B-327F-B4AF-3782C031B5C5}.Debug|x64.Build.0 = Debug|x64
		{52C42B46-449B-327F-B4AF-3782C031B5C5}.Release|x64.ActiveCfg = Release|x64
		{52C42B46-449B-327F-B4AF-3782C031B5C5}.Release|x64.Build.0 = Release|x64
		{52C42B46-449B-327F-B4AF-3782C031B5C5}.MinSizeRel|x64.ActiveCfg = MinSizeRel|x64
		{52C42B46-449B-327F-B4AF-3782C031B5C5}.MinSizeRel|x64.Build.0 = MinSizeRel|x64
		{52C42B46-449B-327F-B4AF-3782C031B5C5}.RelWithDebInfo|x64.ActiveCfg = RelWithDebInfo|x64
		{52C42B46-449B-327F-B4AF-3782C031B5C5}.RelWithDebInfo|x64.Build.0 = RelWithDebInfo|x64
		{2F5275F7-F081-355A-9BD3-A9C5E7DBCF17}.Debug|x64.ActiveCfg = Debug|x64
		{2F5275F7-F081-355A-9BD3-A9C5E7DBCF17}.Debug|x64.Build.0 = Debug|x64
		{2F5275F7-F081-355A-9BD3-A9C5E7DBCF17}.Release|x64.ActiveCfg = Release|x64
		{2F5275F7-F081-355A-9BD3-A9C5E7DBCF17}.Release|x64.Build.0 = Release|x64
		{2F5275F7-F081-355A-9BD3-A9C5E7DBCF17}.MinSizeRel|x64.ActiveCfg = MinSizeRel|x64
		{2F5275F7-F081-355A-9BD3-A9C5E7DBCF17}.MinSizeRel|x64.Build.0 = MinSizeRel|x64
		{2F5275F7-F081-355A-9BD3-A9C5E7DBCF17}.RelWithDebInfo|x64.ActiveCfg = RelWithDebInfo|x64
		{2F5275F7-F081-355A-9BD3-A9C5E7DBCF17}.RelWithDebInfo|x64.Build.0 = RelWithDebInfo|x64
		{5C877059-F5EF-390D-8BAE-1D079B6B780A}.Debug|x64.ActiveCfg = Debug|x64
		{5C877059-F5EF-390D-8BAE-1D079B6B780A}.Debug|x64.Build.0 = Debug|x64
		{5C877059-F5EF-390D-8BAE-1D079B6B780A}.Release|x64.ActiveCfg = Release|x64
		{5C877059-F5EF-390D-8BAE-1D079B6B780A}.Release|x64.Build.0 = Release|x64
		{5C877059-F5EF-390D-8BAE-1D079B6B780A}.MinSizeRel|x64.ActiveCfg = MinSizeRel|x64
		{5C877059-F5EF-390D-8BAE-1D079B6B780A}.MinSizeRel|x64.Build.0 = MinSizeRel|x64
		{5C877059-F5EF-390D-8BAE-1D079B6B780A}.RelWithDebInfo|x64.ActiveCfg = RelWithDebInfo|x64
		{5C877059-F5EF-390D-8BAE-1D079B6B780A}.RelWithDebInfo|x64.Build.0 = RelWithDebInfo|x64
		{99D581F4-FD54-3E2A-8E9A-76B39A83DBB6}.Debug|x64.ActiveCfg = Debug|x64
		{99D581F4-FD54-3E2A-8E9A-76B39A83DBB6}.Debug|x64.Build.0 = Debug|x64
		{99D581F4-FD54-3E2A-8E9A-76B39A83DBB6}.Release|x64.ActiveCfg = Release|x64
		{99D581F4-FD54-3E2A-8E9A-76B39A83DBB6}.Release|x64.Build.0 = Release|x64
		{99D581F4-FD54-3E2A-8E9A-76B39A83DBB6}.MinSizeRel|x64.ActiveCfg = MinSizeRel|x64
		{99D581F4-FD54-3E2A-8E9A-76B39A83DBB6}.MinSizeRel|x64.Build.0 = MinSizeRel|x64
		{99D581F4-FD54-3E2A-8E9A-76B39A83DBB6}.RelWithDebInfo|x64.ActiveCfg = RelWithDebInfo|x64
		{99D581F4-FD54-3E2A-8E9A-76B39A83DBB6}.RelWithDebInfo|x64.Build.0 = RelWithDebInfo|x64
		{54648A63-290E-399B-AFDE-0E8D46A270DC}.Debug|x64.ActiveCfg = Debug|x64
		{54648A63-290E-399B-AFDE-0E8D46A270DC}.Debug|x64.Build.0 = Debug|x64
		{54648A63-290E-399B-AFDE-0E8D46A270DC}.Release|x64.ActiveCfg = Release|x64
		{54648A63-290E-399B-AFDE-0E8D46A270DC}.Release|x64.Build.0 = Release|x64
		{54648A63-290E-399B-AFDE-0E8D46A270DC}.MinSizeRel|x64.ActiveCfg = MinSizeRel|x64
		{54648A63-290E-399B-AFDE-0E8D46A270DC}.MinSizeRel|x64.Build.0 = MinSizeRel|x64
		{54648A63-290E-399B-AFDE-0E8D46A270DC}.RelWithDebInfo|x64.ActiveCfg = RelWithDebInfo|x64
		{54648A63-290E-399B-AFDE-0E8D46A270DC}.RelWithDebInfo|x64.Build.0 = RelWithDebInfo|x64
		{5084ABFA-6DB4-3888-A64E-2A0266C7F7B0}.Debug|x64.ActiveCfg = Debug|x64
		{5084ABFA-6DB4-3888-A64E-2A0266C7F7B0}.Debug|x64.Build.0 = Debug|x64
		{5084ABFA-6DB4-3888-A64E-2A0266C7F7B0}.Release|x64.ActiveCfg = Release|x64
		{5084ABFA-6DB4-3888-A64E-2A0266C7F7B0}.Release|x64.Build.0 = Release|x64
		{5084ABFA-6DB4-3888-A64E-2A0266C7F7B0}.MinSizeRel|x64.ActiveCfg = MinSizeRel|x64
		{5084ABFA-6DB4-3888-A64E-2A0266C7F7B0}.MinSizeRel|x64.Build.0 = MinSizeRel|x64
		{5084ABFA-6DB4-3888-A64E-2A0266C7F7B0}.RelWithDebInfo|x64.ActiveCfg = RelWithDebInfo|x64
		{5084ABFA-6DB4-3888-A64E-2A0266C7F7B0}.RelWithDebInfo|x64.Build.0 = RelWithDebInfo|x64
		{F4444477-7CC2-3275-868F-011886F76A0B}.Debug|x64.ActiveCfg = Debug|x64
		{F4444477-7CC2-3275-868F-011886F76A0B}.Debug|x64.Build.0 = Debug|x64
		{F4444477-7CC2-3275-868F-011886F76A0B}.Release|x64.ActiveCfg = Release|x64
		{F4444477-7CC2-3275-868F-011886F76A0B}.Release|x64.Build.0 = Release|x64
		{F4444477-7CC2-3275-868F-011886F76A0B}.MinSizeRel|x64.ActiveCfg = MinSizeRel|x64
		{F4444477-7CC2-3275-868F-011886F76A0B}.MinSizeRel|x64.Build.0 = MinSizeRel|x64
		{F4444477-7CC2-3275-868F-011886F76A0B}.RelWithDebInfo|x64.ActiveCfg = RelWithDebInfo|x64
		{F4444477-7CC2-3275-868F-011886F76A0B}.RelWithDebInfo|x64.Build.0 = RelWithDebInfo|x64
		{A2402B64-EA21-3CBB-9627-15E9138EE9D0}.Debug|x64.ActiveCfg = Debug|x64
		{A2402B64-EA21-3CBB-9627-15E9138EE9D0}.Debug|x64.Build.0 = Debug|x64
		{A2402B64-EA21-3CBB-9627-15E9138EE9D0}.Release|x64.ActiveCfg = Release|x64
		{A2402B64-EA21-3CBB-9627-15E9138EE9D0}.Release|x64.Build.0 = Release|x64
		{A2402B64-EA21-3CBB-9627-15E9138EE9D0}.MinSizeRel|x64.ActiveCfg = MinSizeRel|x64
		{A2402B64-EA21-3CBB-9627-15E9138EE9D0}.MinSizeRel|x64.Build.0 = MinSizeRel|x64
		{A2402B64-EA21-3CBB-9627-15E9138EE9D0}.RelWithDebInfo|x64.ActiveCfg = RelWithDebInfo|x64
		{A2402B64-EA21-3CBB-9627-15E9138EE9D0}.RelWithDebInfo|x64.Build.0 = RelWithDebInfo|x64
		{D55D8241-5621-302E-BAB1-CF1A67A4D520}.Debug|x64.ActiveCfg = Debug|x64
		{D55D8241-5621-302E-BAB1-CF1A67A4D520}.Debug|x64.Build.0 = Debug|x64
		{D55D8241-5621-302E-BAB1-CF1A67A4D520}.Release|x64.ActiveCfg = Release|x64
		{D55D8241-5621-302E-BAB1-CF1A67A4D520}.Release|x64.Build.0 = Release|x64
		{D55D8241-5621-302E-BAB1-CF1A67A4D520}.MinSizeRel|x64.ActiveCfg = MinSizeRel|x64
		{D55D8241-5621-302E-BAB1-CF1A67A4D520}.MinSizeRel|x64.Build.0 = MinSizeRel|x64
		{D55D8241-5621-302E-BAB1-CF1A67A4D520}.RelWithDebInfo|x64.ActiveCfg = RelWithDebInfo|x64
		{D55D8241-5621-302E-BAB1-CF1A67A4D520}.RelWithDebInfo|x64.Build.0 = RelWithDebInfo|x64
		{B6F91E9A-23B7-3DCA-A137-2CA9E673BC97}.Debug|x64.ActiveCfg = Debug|x64
		{B6F91E9A-23B7-3DCA-A137-2CA9E673BC97}.Debug|x64.Build.0 = Debug|x64
		{B6F91E9A-23B7-3DCA-A137-2CA9E673BC97}.Release|x64.ActiveCfg = Release|x64
		{B6F91E9A-23B7-3DCA-A137-2CA9E673BC97}.Release|x64.Build.0 = Release|x64
		{B6F91E9A-23B7-3DCA-A137-2CA9E673BC97}.MinSizeRel|x64.ActiveCfg = MinSizeRel|x64
		{B6F91E9A-23B7-3DCA-A137-2CA9E673BC97}.MinSizeRel|x64.Build.0 = MinSizeRel|x64
		{B6F91E9A-23B7-3DCA-A137-2CA9E673BC97}.RelWithDebInfo|x64.ActiveCfg = RelWithDebInfo|x64
		{B6F91E9A-23B7-3DCA-A137-2CA9E673BC97}.RelWithDebInfo|x64.Build.0 = RelWithDebInfo|x64
		{6672504F-70E9-3927-B509-0FB62B34FF60}.Debug|x64.ActiveCfg = Debug|x64
		{6672504F-70E9-3927-B509-0FB62B34FF60}.Debug|x64.Build.0 = Debug|x64
		{6672504F-70E9-3927-B509-0FB62B34FF60}.Release|x64.ActiveCfg = Release|x64
		{6672504F-70E9-3927-B509-0FB62B34FF60}.Release|x64.Build.0 = Release|x64
		{6672504F-70E9-3927-B509-0FB62B34FF60}.MinSizeRel|x64.ActiveCfg = MinSizeRel|x64
		{6672504F-70E9-3927-B509-0FB62B34FF60}.MinSizeRel|x64.Build.0 = MinSizeRel|x64
		{6672504F-70E9-3927-B509-0FB62B34FF60}.RelWithDebInfo|x64.ActiveCfg = RelWithDebInfo|x64
		{6672504F-70E9-3927-B509-0FB62B34FF60}.RelWithDebInfo|x64.Build.0 = RelWithDebInfo|x64
		{B5A63BA9-0615-30A8-B963-2752C1FE6333}.Debug|x64.ActiveCfg = Debug|x64
		{B5A63BA9-0615-30A8-B963-2752C1FE6333}.Debug|x64.Build.0 = Debug|x64
		{B5A63BA9-0615-30A8-B963-2752C1FE6333}.Release|x64.ActiveCfg = Release|x64
		{B5A63BA9-0615-30A8-B963-2752C1FE6333}.Release|x64.Build.0 = Release|x64
		{B5A63BA9-0615-30A8-B963-2752C1FE6333}.MinSizeRel|x64.ActiveCfg = MinSizeRel|x64
		{B5A63BA9-0615-30A8-B963-2752C1FE6333}.MinSizeRel|x64.Build.0 = MinSizeRel|x64
		{B5A63BA9-0615-30A8-B963-2752C1FE6333}.RelWithDebInfo|x64.ActiveCfg = RelWithDebInfo|x64
		{B5A63BA9-0615-30A8-B963-2752C1FE6333}.RelWithDebInfo|x64.Build.0 = RelWithDebInfo|x64
		{21CE2BE9-670F-3E2D-A29D-C0CB12017DFF}.Debug|x64.ActiveCfg = Debug|x64
		{21CE2BE9-670F-3E2D-A29D-C0CB12017DFF}.Debug|x64.Build.0 = Debug|x64
		{21CE2BE9-670F-3E2D-A29D-C0CB12017DFF}.Release|x64.ActiveCfg = Release|x64
		{21CE2BE9-670F-3E2D-A29D-C0CB12017DFF}.Release|x64.Build.0 = Release|x64
		{21CE2BE9-670F-3E2D-A29D-C0CB12017DFF}.MinSizeRel|x64.ActiveCfg = MinSizeRel|x64
		{21CE2BE9-670F-3E2D-A29D-C0CB12017DFF}.MinSizeRel|x64.Build.0 = MinSizeRel|x64
		{21CE2BE9-670F-3E2D-A29D-C0CB12017DFF}.RelWithDebInfo|x64.ActiveCfg = RelWithDebInfo|x64
		{21CE2BE9-670F-3E2D-A29D-C0CB12017DFF}.RelWithDebInfo|x64.Build.0 = RelWithDebInfo|x64
		{E44F388A-3B6B-3421-A636-FDEA92CA8CBD}.Debug|x64.ActiveCfg = Debug|x64
		{E44F388A-3B6B-3421-A636-FDEA92CA8CBD}.Debug|x64.Build.0 = Debug|x64
		{E44F388A-3B6B-3421-A636-FDEA92CA8CBD}.Release|x64.ActiveCfg = Release|x64
		{E44F388A-3B6B-3421-A636-FDEA92CA8CBD}.Release|x64.Build.0 = Release|x64
		{E44F388A-3B6B-3421-A636-FDEA92CA8CBD}.MinSizeRel|x64.ActiveCfg = MinSizeRel|x64
		{E44F388A-3B6B-3421-A636-FDEA92CA8CBD}.MinSizeRel|x64.Build.0 = MinSizeRel|x64
		{E44F388A-3B6B-3421-A636-FDEA92CA8CBD}.RelWithDebInfo|x64.ActiveCfg = RelWithDebInfo|x64
		{E44F388A-3B6B-3421-A636-FDEA92CA8CBD}.RelWithDebInfo|x64.Build.0 = RelWithDebInfo|x64
		{86925986-0EAA-3D24-971C-2D97ABDD99B7}.Debug|x64.ActiveCfg = Debug|x64
		{86925986-0EAA-3D24-971C-2D97ABDD99B7}.Debug|x64.Build.0 = Debug|x64
		{86925986-0EAA-3D24-971C-2D97ABDD99B7}.Release|x64.ActiveCfg = Release|x64
		{86925986-0EAA-3D24-971C-2D97ABDD99B7}.Release|x64.Build.0 = Release|x64
		{86925986-0EAA-3D24-971C-2D97ABDD99B7}.MinSizeRel|x64.ActiveCfg = MinSizeRel|x64
		{86925986-0EAA-3D24-971C-2D97ABDD99B7}.MinSizeRel|x64.Build.0 = MinSizeRel|x64
		{86925986-0EAA-3D24-971C-2D97ABDD99B7}.RelWithDebInfo|x64.ActiveCfg = RelWithDebInfo|x64
		{86925986-0EAA-3D24-971C-2D97ABDD99B7}.RelWithDebInfo|x64.Build.0 = RelWithDebInfo|x64
		{2A263746-32CC-3AB8-8C7B-ED9960E8C259}.Debug|x64.ActiveCfg = Debug|x64
		{2A263746-32CC-3AB8-8C7B-ED9960E8C259}.Debug|x64.Build.0 = Debug|x64
		{2A263746-32CC-3AB8-8C7B-ED9960E8C259}.Release|x64.ActiveCfg = Release|x64
		{2A263746-32CC-3AB8-8C7B-ED9960E8C259}.Release|x64.Build.0 = Release|x64
		{2A263746-32CC-3AB8-8C7B-ED9960E8C259}.MinSizeRel|x64.ActiveCfg = MinSizeRel|x64
		{2A263746-32CC-3AB8-8C7B-ED9960E8C259}.MinSizeRel|x64.Build.0 = MinSizeRel|x64
		{2A263746-32CC-3AB8-8C7B-ED9960E8C259}.RelWithDebInfo|x64.ActiveCfg = RelWithDebInfo|x64
		{2A263746-32CC-3AB8-8C7B-ED9960E8C259}.RelWithDebInfo|x64.Build.0 = RelWithDebInfo|x64
	EndGlobalSection
	GlobalSection(NestedProjects) = preSolution
		{336F9F56-5FFA-363A-970C-A1A7165EB233} = {58A6342C-3C02-3467-B409-E7D1B7347E2B}
		{68F69027-AB6C-3DCF-95ED-5903DEEA2974} = {58A6342C-3C02-3467-B409-E7D1B7347E2B}
		{6D9EC4A6-8871-33BC-9E84-71FAFAA9C5D8} = {58A6342C-3C02-3467-B409-E7D1B7347E2B}
		{CD5C504E-F9DB-3F06-80C4-D95001CFCD11} = {0C087C8A-DAC2-35EF-A557-B2F170D03B9E}
		{BAB0649A-7EF8-381F-BE34-1E1C3E877EE7} = {0C087C8A-DAC2-35EF-A557-B2F170D03B9E}
		{15B6D8E8-3F85-344C-86EF-2E13A23C12ED} = {0C087C8A-DAC2-35EF-A557-B2F170D03B9E}
		{5610F66A-EB75-37FD-94E7-69A08AF9F96D} = {CD5C504E-F9DB-3F06-80C4-D95001CFCD11}
		{FC536409-19A9-3C9F-B7E1-6DFB82F9161B} = {CD5C504E-F9DB-3F06-80C4-D95001CFCD11}
		{3210752F-5F48-3D7E-BB68-B4629E79E0B6} = {CD5C504E-F9DB-3F06-80C4-D95001CFCD11}
		{46858923-A1DA-3F63-BE0B-83D57EA8ACA2} = {BAB0649A-7EF8-381F-BE34-1E1C3E877EE7}
		{BD201DC7-933F-329D-882D-2412597625ED} = {BAB0649A-7EF8-381F-BE34-1E1C3E877EE7}
		{8020F01D-8185-3A90-8B4F-8EDABEAF7DB0} = {BAB0649A-7EF8-381F-BE34-1E1C3E877EE7}
		{BFF90A2A-78C3-324F-BEB8-1AFA330B8C9E} = {BAB0649A-7EF8-381F-BE34-1E1C3E877EE7}
		{7843210A-1CD0-33B6-B4A8-60D268404A12} = {BAB0649A-7EF8-381F-BE34-1E1C3E877EE7}
		{6A04D6A2-BA19-3EC1-87BA-E9CFAFBBC977} = {15B6D8E8-3F85-344C-86EF-2E13A23C12ED}
		{BE665866-8AB7-3A52-B946-3279DE13D42D} = {15B6D8E8-3F85-344C-86EF-2E13A23C12ED}
		{B500FB0C-6553-344F-A9C3-C65AD703C5C1} = {15B6D8E8-3F85-344C-86EF-2E13A23C12ED}
		{8821A7C1-DE05-3789-BD21-9D76F04C660C} = {15B6D8E8-3F85-344C-86EF-2E13A23C12ED}
		{0E782CB1-1B6C-3F2B-93E8-B761161EB1D5} = {15B6D8E8-3F85-344C-86EF-2E13A23C12ED}
		{285EABB1-F481-3895-9522-72D919072161} = {15B6D8E8-3F85-344C-86EF-2E13A23C12ED}
		{038A8384-3B74-389E-AA80-2B7DBF45A245} = {15B6D8E8-3F85-344C-86EF-2E13A23C12ED}
		{3BA92FC0-D89D-3FB2-BF9B-65B41639A1FF} = {15B6D8E8-3F85-344C-86EF-2E13A23C12ED}
		{0C5D3DCE-4232-3366-937C-2404F7A5567B} = {15B6D8E8-3F85-344C-86EF-2E13A23C12ED}
		{7F0D3F75-0616-3902-B02E-CA2FB3AC4AB0} = {15B6D8E8-3F85-344C-86EF-2E13A23C12ED}
		{BD894CEC-8BC7-39C9-9C12-B8132C79ED4C} = {15B6D8E8-3F85-344C-86EF-2E13A23C12ED}
		{5E549761-FE83-3497-8FAA-EA3507BCEE30} = {15B6D8E8-3F85-344C-86EF-2E13A23C12ED}
		{FC9DBDC6-B523-3785-A023-CF5FD15F20A8} = {15B6D8E8-3F85-344C-86EF-2E13A23C12ED}
		{039A5687-2C46-3814-9CB3-CBEC54FB59C6} = {15B6D8E8-3F85-344C-86EF-2E13A23C12ED}
		{3DE872CA-0615-3365-B03A-121F2066791D} = {15B6D8E8-3F85-344C-86EF-2E13A23C12ED}
		{C79BFDB3-08CB-33CA-8F4B-5915EEE57775} = {15B6D8E8-3F85-344C-86EF-2E13A23C12ED}
		{DDBB897A-0D23-3124-9AFB-5077B85598AB} = {15B6D8E8-3F85-344C-86EF-2E13A23C12ED}
		{F904D520-0FAA-3E6A-AF45-49F4884843F5} = {15B6D8E8-3F85-344C-86EF-2E13A23C12ED}
		{7EC9625B-EFA9-3C71-9D99-F2A0049869CF} = {15B6D8E8-3F85-344C-86EF-2E13A23C12ED}
		{52C42B46-449B-327F-B4AF-3782C031B5C5} = {15B6D8E8-3F85-344C-86EF-2E13A23C12ED}
		{2F5275F7-F081-355A-9BD3-A9C5E7DBCF17} = {15B6D8E8-3F85-344C-86EF-2E13A23C12ED}
		{5C877059-F5EF-390D-8BAE-1D079B6B780A} = {15B6D8E8-3F85-344C-86EF-2E13A23C12ED}
		{99D581F4-FD54-3E2A-8E9A-76B39A83DBB6} = {15B6D8E8-3F85-344C-86EF-2E13A23C12ED}
		{54648A63-290E-399B-AFDE-0E8D46A270DC} = {15B6D8E8-3F85-344C-86EF-2E13A23C12ED}
		{5084ABFA-6DB4-3888-A64E-2A0266C7F7B0} = {15B6D8E8-3F85-344C-86EF-2E13A23C12ED}
		{F4444477-7CC2-3275-868F-011886F76A0B} = {15B6D8E8-3F85-344C-86EF-2E13A23C12ED}
		{A2402B64-EA21-3CBB-9627-15E9138EE9D0} = {15B6D8E8-3F85-344C-86EF-2E13A23C12ED}
		{D55D8241-5621-302E-BAB1-CF1A67A4D520} = {15B6D8E8-3F85-344C-86EF-2E13A23C12ED}
		{B6F91E9A-23B7-3DCA-A137-2CA9E673BC97} = {15B6D8E8-3F85-344C-86EF-2E13A23C12ED}
		{6672504F-70E9-3927-B509-0FB62B34FF60} = {15B6D8E8-3F85-344C-86EF-2E13A23C12ED}
		{B5A63BA9-0615-30A8-B963-2752C1FE6333} = {15B6D8E8-3F85-344C-86EF-2E13A23C12ED}
		{21CE2BE9-670F-3E2D-A29D-C0CB12017DFF} = {15B6D8E8-3F85-344C-86EF-2E13A23C12ED}
		{E44F388A-3B6B-3421-A636-FDEA92CA8CBD} = {15B6D8E8-3F85-344C-86EF-2E13A23C12ED}
		{86925986-0EAA-3D24-971C-2D97ABDD99B7} = {15B6D8E8-3F85-344C-86EF-2E13A23C12ED}
		{2A263746-32CC-3AB8-8C7B-ED9960E8C259} = {15B6D8E8-3F85-344C-86EF-2E13A23C12ED}
	EndGlobalSection
	GlobalSection(ExtensibilityGlobals) = postSolution
		SolutionGuid = {6D441326-7068-3605-8911-3E466E33D134}
	EndGlobalSection
	GlobalSection(ExtensibilityAddIns) = postSolution
	EndGlobalSection
EndGlobal
